// !$*UTF8*$!
{
	archiveVersion = 1;
	classes = {
	};
	objectVersion = 46;
	objects = {

/* Begin PBXBuildFile section */
		6E076DF716F5622600A3C384 /* TTUITableViewZoomController.m in Sources */ = {isa = PBXBuildFile; fileRef = 6E076DF616F5622600A3C384 /* TTUITableViewZoomController.m */; };
		6E076DF816F5622600A3C384 /* TTUITableViewZoomController.m in Sources */ = {isa = PBXBuildFile; fileRef = 6E076DF616F5622600A3C384 /* TTUITableViewZoomController.m */; };
		6E076E1D16F568CB00A3C384 /* NSAttributedString+MGTrim.m in Sources */ = {isa = PBXBuildFile; fileRef = 6E076DFC16F568CB00A3C384 /* NSAttributedString+MGTrim.m */; };
		6E076E1E16F568CB00A3C384 /* NSObject+MGEvents.m in Sources */ = {isa = PBXBuildFile; fileRef = 6E076DFE16F568CB00A3C384 /* NSObject+MGEvents.m */; };
		6E076E1F16F568CB00A3C384 /* UIColor+MGExpanded.m in Sources */ = {isa = PBXBuildFile; fileRef = 6E076E0016F568CB00A3C384 /* UIColor+MGExpanded.m */; };
		6E076E2016F568CB00A3C384 /* UIControl+MGEvents.m in Sources */ = {isa = PBXBuildFile; fileRef = 6E076E0216F568CB00A3C384 /* UIControl+MGEvents.m */; };
		6E076E2116F568CB00A3C384 /* UIResponder+FirstResponder.m in Sources */ = {isa = PBXBuildFile; fileRef = 6E076E0416F568CB00A3C384 /* UIResponder+FirstResponder.m */; };
		6E076E2216F568CB00A3C384 /* UIView+MGEasyFrame.m in Sources */ = {isa = PBXBuildFile; fileRef = 6E076E0616F568CB00A3C384 /* UIView+MGEasyFrame.m */; };
		6E076E2316F568CB00A3C384 /* MGBlockWrapper.m in Sources */ = {isa = PBXBuildFile; fileRef = 6E076E0916F568CB00A3C384 /* MGBlockWrapper.m */; };
		6E076E2416F568CB00A3C384 /* MGBox.m in Sources */ = {isa = PBXBuildFile; fileRef = 6E076E0B16F568CB00A3C384 /* MGBox.m */; };
		6E076E2516F568CB00A3C384 /* MGButton.m in Sources */ = {isa = PBXBuildFile; fileRef = 6E076E0D16F568CB00A3C384 /* MGButton.m */; };
		6E076E2616F568CB00A3C384 /* MGLayoutManager.m in Sources */ = {isa = PBXBuildFile; fileRef = 6E076E1016F568CB00A3C384 /* MGLayoutManager.m */; };
		6E076E2716F568CB00A3C384 /* MGLine.m in Sources */ = {isa = PBXBuildFile; fileRef = 6E076E1216F568CB00A3C384 /* MGLine.m */; };
		6E076E2816F568CB00A3C384 /* MGLineStyled.m in Sources */ = {isa = PBXBuildFile; fileRef = 6E076E1416F568CB00A3C384 /* MGLineStyled.m */; };
		6E076E2916F568CB00A3C384 /* MGMushParser.m in Sources */ = {isa = PBXBuildFile; fileRef = 6E076E1616F568CB00A3C384 /* MGMushParser.m */; };
		6E076E2A16F568CB00A3C384 /* MGScrollView.m in Sources */ = {isa = PBXBuildFile; fileRef = 6E076E1816F568CB00A3C384 /* MGScrollView.m */; };
		6E076E2B16F568CB00A3C384 /* MGTableBox.m in Sources */ = {isa = PBXBuildFile; fileRef = 6E076E1A16F568CB00A3C384 /* MGTableBox.m */; };
		6E076E2C16F568CB00A3C384 /* MGTableBoxStyled.m in Sources */ = {isa = PBXBuildFile; fileRef = 6E076E1C16F568CB00A3C384 /* MGTableBoxStyled.m */; };
		6E076E3616F5694000A3C384 /* CoreText.framework in Frameworks */ = {isa = PBXBuildFile; fileRef = 6E076E3516F5694000A3C384 /* CoreText.framework */; };
		6E0B250E16F2B15900317E65 /* MeViewController.m in Sources */ = {isa = PBXBuildFile; fileRef = 6E0B250D16F2B15900317E65 /* MeViewController.m */; };
		6E1161AB16F7F14400EA43F5 /* KGStatusBar.m in Sources */ = {isa = PBXBuildFile; fileRef = 6E1161AA16F7F14400EA43F5 /* KGStatusBar.m */; };
		6E11976316F916A800CE0EB3 /* PhotoBox.m in Sources */ = {isa = PBXBuildFile; fileRef = 6E11976016F916A800CE0EB3 /* PhotoBox.m */; };
		6E11976416F916A800CE0EB3 /* PhotoBox.m in Sources */ = {isa = PBXBuildFile; fileRef = 6E11976016F916A800CE0EB3 /* PhotoBox.m */; };
		6E11976B16F916C200CE0EB3 /* arrow.png in Resources */ = {isa = PBXBuildFile; fileRef = 6E11976716F916C200CE0EB3 /* arrow.png */; };
		6E11976C16F916C200CE0EB3 /* arrow.png in Resources */ = {isa = PBXBuildFile; fileRef = 6E11976716F916C200CE0EB3 /* arrow.png */; };
		6E11976D16F916C200CE0EB3 /* arrow@2x.png in Resources */ = {isa = PBXBuildFile; fileRef = 6E11976816F916C200CE0EB3 /* arrow@2x.png */; };
		6E11976E16F916C200CE0EB3 /* arrow@2x.png in Resources */ = {isa = PBXBuildFile; fileRef = 6E11976816F916C200CE0EB3 /* arrow@2x.png */; };
		6E11976F16F916C200CE0EB3 /* add.png in Resources */ = {isa = PBXBuildFile; fileRef = 6E11976916F916C200CE0EB3 /* add.png */; };
		6E11977016F916C200CE0EB3 /* add.png in Resources */ = {isa = PBXBuildFile; fileRef = 6E11976916F916C200CE0EB3 /* add.png */; };
		6E11977116F916C200CE0EB3 /* add@2x.png in Resources */ = {isa = PBXBuildFile; fileRef = 6E11976A16F916C200CE0EB3 /* add@2x.png */; };
		6E11977216F916C200CE0EB3 /* add@2x.png in Resources */ = {isa = PBXBuildFile; fileRef = 6E11976A16F916C200CE0EB3 /* add@2x.png */; };
		6E11977516F91B1000CE0EB3 /* DashboardViewController.m in Sources */ = {isa = PBXBuildFile; fileRef = 6E11977416F91B1000CE0EB3 /* DashboardViewController.m */; };
		6E11977616F91B1000CE0EB3 /* DashboardViewController.m in Sources */ = {isa = PBXBuildFile; fileRef = 6E11977416F91B1000CE0EB3 /* DashboardViewController.m */; };
		6E1ACDCA16D5952500D9571A /* UIKit.framework in Frameworks */ = {isa = PBXBuildFile; fileRef = 6E1ACDC916D5952500D9571A /* UIKit.framework */; };
		6E1ACDCC16D5952500D9571A /* Foundation.framework in Frameworks */ = {isa = PBXBuildFile; fileRef = 6E1ACDCB16D5952500D9571A /* Foundation.framework */; };
		6E1ACDCE16D5952500D9571A /* CoreGraphics.framework in Frameworks */ = {isa = PBXBuildFile; fileRef = 6E1ACDCD16D5952500D9571A /* CoreGraphics.framework */; };
		6E1ACDD616D5952500D9571A /* main.m in Sources */ = {isa = PBXBuildFile; fileRef = 6E1ACDD516D5952500D9571A /* main.m */; };
		6E1ACDDA16D5952500D9571A /* AppDelegate.m in Sources */ = {isa = PBXBuildFile; fileRef = 6E1ACDD916D5952500D9571A /* AppDelegate.m */; };
		6E1ACDDC16D5952500D9571A /* Default.png in Resources */ = {isa = PBXBuildFile; fileRef = 6E1ACDDB16D5952500D9571A /* Default.png */; };
		6E1ACDDE16D5952500D9571A /* Default@2x.png in Resources */ = {isa = PBXBuildFile; fileRef = 6E1ACDDD16D5952500D9571A /* Default@2x.png */; };
		6E1ACDE016D5952500D9571A /* Default-568h@2x.png in Resources */ = {isa = PBXBuildFile; fileRef = 6E1ACDDF16D5952500D9571A /* Default-568h@2x.png */; };
		6E1ACDE316D5952500D9571A /* MainStoryboard_iPhone.storyboard in Resources */ = {isa = PBXBuildFile; fileRef = 6E1ACDE116D5952500D9571A /* MainStoryboard_iPhone.storyboard */; };
		6E1ACDFC16D5952600D9571A /* SenTestingKit.framework in Frameworks */ = {isa = PBXBuildFile; fileRef = 6E1ACDFB16D5952600D9571A /* SenTestingKit.framework */; };
		6E1ACDFD16D5952600D9571A /* UIKit.framework in Frameworks */ = {isa = PBXBuildFile; fileRef = 6E1ACDC916D5952500D9571A /* UIKit.framework */; };
		6E1ACDFE16D5952600D9571A /* Foundation.framework in Frameworks */ = {isa = PBXBuildFile; fileRef = 6E1ACDCB16D5952500D9571A /* Foundation.framework */; };
		6E1ACE0616D5952600D9571A /* InfoPlist.strings in Resources */ = {isa = PBXBuildFile; fileRef = 6E1ACE0416D5952600D9571A /* InfoPlist.strings */; };
		6E1ACE0916D5952600D9571A /* FloadtTests.m in Sources */ = {isa = PBXBuildFile; fileRef = 6E1ACE0816D5952600D9571A /* FloadtTests.m */; };
		6E2F52DB16FA93480058A41D /* libz.dylib in Frameworks */ = {isa = PBXBuildFile; fileRef = 6E2F52DA16FA93480058A41D /* libz.dylib */; };
		6E4DB23916F00EB70060A784 /* KiipSDKResources.bundle in Resources */ = {isa = PBXBuildFile; fileRef = 6E4DB23816F00EB70060A784 /* KiipSDKResources.bundle */; };
		6E4DB23B16F00EC10060A784 /* KiipSDK.framework in Frameworks */ = {isa = PBXBuildFile; fileRef = 6E4DB23A16F00EC10060A784 /* KiipSDK.framework */; };
		6E4DB23D16F00EEE0060A784 /* CoreTelephony.framework in Frameworks */ = {isa = PBXBuildFile; fileRef = 6E4DB23C16F00EEE0060A784 /* CoreTelephony.framework */; };
		6E9BB88416EFD3A200C2E05A /* ISGumView.m in Sources */ = {isa = PBXBuildFile; fileRef = 6E9BB87B16EFD3A200C2E05A /* ISGumView.m */; };
		6E9BB88516EFD3A200C2E05A /* ISGumView.m in Sources */ = {isa = PBXBuildFile; fileRef = 6E9BB87B16EFD3A200C2E05A /* ISGumView.m */; };
		6E9BB88616EFD3A200C2E05A /* ISRefreshControl.m in Sources */ = {isa = PBXBuildFile; fileRef = 6E9BB87D16EFD3A200C2E05A /* ISRefreshControl.m */; };
		6E9BB88716EFD3A200C2E05A /* ISRefreshControl.m in Sources */ = {isa = PBXBuildFile; fileRef = 6E9BB87D16EFD3A200C2E05A /* ISRefreshControl.m */; };
		6E9BB88816EFD3A200C2E05A /* UIActivityIndicatorView+ScaleAnimation.m in Sources */ = {isa = PBXBuildFile; fileRef = 6E9BB87F16EFD3A200C2E05A /* UIActivityIndicatorView+ScaleAnimation.m */; };
		6E9BB88916EFD3A200C2E05A /* UIActivityIndicatorView+ScaleAnimation.m in Sources */ = {isa = PBXBuildFile; fileRef = 6E9BB87F16EFD3A200C2E05A /* UIActivityIndicatorView+ScaleAnimation.m */; };
		6E9BB88A16EFD3A200C2E05A /* UITableViewController+RefreshControl.m in Sources */ = {isa = PBXBuildFile; fileRef = 6E9BB88116EFD3A200C2E05A /* UITableViewController+RefreshControl.m */; };
		6E9BB88B16EFD3A200C2E05A /* UITableViewController+RefreshControl.m in Sources */ = {isa = PBXBuildFile; fileRef = 6E9BB88116EFD3A200C2E05A /* UITableViewController+RefreshControl.m */; };
		6E9BB88C16EFD3A200C2E05A /* ISUtility.m in Sources */ = {isa = PBXBuildFile; fileRef = 6E9BB88316EFD3A200C2E05A /* ISUtility.m */; };
		6E9BB88D16EFD3A200C2E05A /* ISUtility.m in Sources */ = {isa = PBXBuildFile; fileRef = 6E9BB88316EFD3A200C2E05A /* ISUtility.m */; };
		6E9BB89016EFD3D200C2E05A /* ISRefresgControlIcon.png in Resources */ = {isa = PBXBuildFile; fileRef = 6E9BB88E16EFD3D200C2E05A /* ISRefresgControlIcon.png */; };
		6E9BB89116EFD3D200C2E05A /* ISRefresgControlIcon.png in Resources */ = {isa = PBXBuildFile; fileRef = 6E9BB88E16EFD3D200C2E05A /* ISRefresgControlIcon.png */; };
		6E9BB89216EFD3D200C2E05A /* ISRefresgControlIcon@2x.png in Resources */ = {isa = PBXBuildFile; fileRef = 6E9BB88F16EFD3D200C2E05A /* ISRefresgControlIcon@2x.png */; };
		6E9BB89316EFD3D200C2E05A /* ISRefresgControlIcon@2x.png in Resources */ = {isa = PBXBuildFile; fileRef = 6E9BB88F16EFD3D200C2E05A /* ISRefresgControlIcon@2x.png */; };
		6E9BB89B16EFDE3400C2E05A /* PingViewController.m in Sources */ = {isa = PBXBuildFile; fileRef = 6E9BB89A16EFDE3400C2E05A /* PingViewController.m */; };
		6EA810E716E2AF49009B1D87 /* TestLoginViewController.m in Sources */ = {isa = PBXBuildFile; fileRef = 6EA810E516E2AF49009B1D87 /* TestLoginViewController.m */; };
		6EAD6B0D16E4113B0016C8E5 /* SettingsViewController.m in Sources */ = {isa = PBXBuildFile; fileRef = 6EAD6B0B16E4113B0016C8E5 /* SettingsViewController.m */; };
		6EAD6B1116E415000016C8E5 /* close_sIMG.png in Resources */ = {isa = PBXBuildFile; fileRef = 6EAD6B0F16E415000016C8E5 /* close_sIMG.png */; };
		6EAD6B1216E415000016C8E5 /* close_usIMG.png in Resources */ = {isa = PBXBuildFile; fileRef = 6EAD6B1016E415000016C8E5 /* close_usIMG.png */; };
		6EAD6B1516E415150016C8E5 /* close_sIMG@2x.png in Resources */ = {isa = PBXBuildFile; fileRef = 6EAD6B1316E415150016C8E5 /* close_sIMG@2x.png */; };
		6EAD6B1616E415150016C8E5 /* close_usIMG@2x.png in Resources */ = {isa = PBXBuildFile; fileRef = 6EAD6B1416E415150016C8E5 /* close_usIMG@2x.png */; };
		6EBAE08D16DD9AA200658511 /* Parse.framework in Frameworks */ = {isa = PBXBuildFile; fileRef = 6EBAE08C16DD9AA200658511 /* Parse.framework */; };
		6EBAE09B16DD9B0900658511 /* Accounts.framework in Frameworks */ = {isa = PBXBuildFile; fileRef = 6EBAE08E16DD9B0900658511 /* Accounts.framework */; };
		6EBAE09C16DD9B0900658511 /* AdSupport.framework in Frameworks */ = {isa = PBXBuildFile; fileRef = 6EBAE08F16DD9B0900658511 /* AdSupport.framework */; };
		6EBAE09D16DD9B0900658511 /* AudioToolbox.framework in Frameworks */ = {isa = PBXBuildFile; fileRef = 6EBAE09016DD9B0900658511 /* AudioToolbox.framework */; };
		6EBAE09E16DD9B0900658511 /* CFNetwork.framework in Frameworks */ = {isa = PBXBuildFile; fileRef = 6EBAE09116DD9B0900658511 /* CFNetwork.framework */; };
		6EBAE09F16DD9B0900658511 /* CoreLocation.framework in Frameworks */ = {isa = PBXBuildFile; fileRef = 6EBAE09216DD9B0900658511 /* CoreLocation.framework */; };
		6EBAE0A016DD9B0900658511 /* libsqlite3.dylib in Frameworks */ = {isa = PBXBuildFile; fileRef = 6EBAE09316DD9B0900658511 /* libsqlite3.dylib */; };
		6EBAE0A116DD9B0900658511 /* libz.1.1.3.dylib in Frameworks */ = {isa = PBXBuildFile; fileRef = 6EBAE09416DD9B0900658511 /* libz.1.1.3.dylib */; };
		6EBAE0A216DD9B0900658511 /* MobileCoreServices.framework in Frameworks */ = {isa = PBXBuildFile; fileRef = 6EBAE09516DD9B0900658511 /* MobileCoreServices.framework */; };
		6EBAE0A316DD9B0900658511 /* QuartzCore.framework in Frameworks */ = {isa = PBXBuildFile; fileRef = 6EBAE09616DD9B0900658511 /* QuartzCore.framework */; };
		6EBAE0A416DD9B0900658511 /* Security.framework in Frameworks */ = {isa = PBXBuildFile; fileRef = 6EBAE09716DD9B0900658511 /* Security.framework */; };
		6EBAE0A516DD9B0900658511 /* Social.framework in Frameworks */ = {isa = PBXBuildFile; fileRef = 6EBAE09816DD9B0900658511 /* Social.framework */; };
		6EBAE0A616DD9B0900658511 /* StoreKit.framework in Frameworks */ = {isa = PBXBuildFile; fileRef = 6EBAE09916DD9B0900658511 /* StoreKit.framework */; };
		6EBAE0A716DD9B0900658511 /* SystemConfiguration.framework in Frameworks */ = {isa = PBXBuildFile; fileRef = 6EBAE09A16DD9B0900658511 /* SystemConfiguration.framework */; };
		6ED90EAC16EF782C002BD615 /* TableViewController.m in Sources */ = {isa = PBXBuildFile; fileRef = 6EE67DC016EF71FD00A01B1F /* TableViewController.m */; };
		6ED90EAD16EF7836002BD615 /* HHDirectionPanGestureRecognizer.m in Sources */ = {isa = PBXBuildFile; fileRef = 6EE67DB716EF712500A01B1F /* HHDirectionPanGestureRecognizer.m */; };
		6ED90EAE16EF7838002BD615 /* HHInnerShadowView.m in Sources */ = {isa = PBXBuildFile; fileRef = 6EE67DB916EF712500A01B1F /* HHInnerShadowView.m */; };
		6ED90EAF16EF783A002BD615 /* HHPanningTableViewCell.m in Sources */ = {isa = PBXBuildFile; fileRef = 6EE67DBB16EF712500A01B1F /* HHPanningTableViewCell.m */; };
		6EDB9A0616DC585C000CA279 /* floadtLogo.png in Resources */ = {isa = PBXBuildFile; fileRef = 6EDB99D916DC585C000CA279 /* floadtLogo.png */; };
		6EDB9A0716DC585C000CA279 /* navigationBar.png in Resources */ = {isa = PBXBuildFile; fileRef = 6EDB99DA16DC585C000CA279 /* navigationBar.png */; };
		6EDB9A0816DC585C000CA279 /* standButton.png in Resources */ = {isa = PBXBuildFile; fileRef = 6EDB99DB16DC585C000CA279 /* standButton.png */; };
		6EDB9A0916DC585C000CA279 /* tabBarBg-icns.png in Resources */ = {isa = PBXBuildFile; fileRef = 6EDB99DC16DC585C000CA279 /* tabBarBg-icns.png */; };
		6EDB9A0A16DC585C000CA279 /* tabBarBg-selc.png in Resources */ = {isa = PBXBuildFile; fileRef = 6EDB99DD16DC585C000CA279 /* tabBarBg-selc.png */; };
		6EDB9A0B16DC585C000CA279 /* floadtLogo@2x.png in Resources */ = {isa = PBXBuildFile; fileRef = 6EDB99DF16DC585C000CA279 /* floadtLogo@2x.png */; };
		6EDB9A0C16DC585C000CA279 /* navigationBar@2x.png in Resources */ = {isa = PBXBuildFile; fileRef = 6EDB99E016DC585C000CA279 /* navigationBar@2x.png */; };
		6EDB9A0D16DC585C000CA279 /* standButton@2x.png in Resources */ = {isa = PBXBuildFile; fileRef = 6EDB99E116DC585C000CA279 /* standButton@2x.png */; };
		6EDB9A0E16DC585C000CA279 /* tabBarBg-icns@2x.png in Resources */ = {isa = PBXBuildFile; fileRef = 6EDB99E216DC585C000CA279 /* tabBarBg-icns@2x.png */; };
		6EDB9A0F16DC585C000CA279 /* tabBarBg-selc@2x.png in Resources */ = {isa = PBXBuildFile; fileRef = 6EDB99E316DC585C000CA279 /* tabBarBg-selc@2x.png */; };
		6EDB9A1416DC585C000CA279 /* comment_sIMG.png in Resources */ = {isa = PBXBuildFile; fileRef = 6EDB99EA16DC585C000CA279 /* comment_sIMG.png */; };
		6EDB9A1516DC585C000CA279 /* comment_usIMG.png in Resources */ = {isa = PBXBuildFile; fileRef = 6EDB99EB16DC585C000CA279 /* comment_usIMG.png */; };
		6EDB9A1616DC585C000CA279 /* message_sIMG.png in Resources */ = {isa = PBXBuildFile; fileRef = 6EDB99EC16DC585C000CA279 /* message_sIMG.png */; };
		6EDB9A1716DC585C000CA279 /* message_usIMG.png in Resources */ = {isa = PBXBuildFile; fileRef = 6EDB99ED16DC585C000CA279 /* message_usIMG.png */; };
		6EDB9A1816DC585C000CA279 /* pen_sIMG.png in Resources */ = {isa = PBXBuildFile; fileRef = 6EDB99EE16DC585C000CA279 /* pen_sIMG.png */; };
		6EDB9A1916DC585C000CA279 /* pen_usIMG.png in Resources */ = {isa = PBXBuildFile; fileRef = 6EDB99EF16DC585C000CA279 /* pen_usIMG.png */; };
		6EDB9A1A16DC585C000CA279 /* star_sIMG.png in Resources */ = {isa = PBXBuildFile; fileRef = 6EDB99F016DC585C000CA279 /* star_sIMG.png */; };
		6EDB9A1B16DC585C000CA279 /* star_usIMG.png in Resources */ = {isa = PBXBuildFile; fileRef = 6EDB99F116DC585C000CA279 /* star_usIMG.png */; };
		6EDB9A1C16DC585C000CA279 /* comment_sIMG@2x.png in Resources */ = {isa = PBXBuildFile; fileRef = 6EDB99F316DC585C000CA279 /* comment_sIMG@2x.png */; };
		6EDB9A1D16DC585C000CA279 /* comment_usIMG@2x.png in Resources */ = {isa = PBXBuildFile; fileRef = 6EDB99F416DC585C000CA279 /* comment_usIMG@2x.png */; };
		6EDB9A1E16DC585C000CA279 /* message_sIMG@2x.png in Resources */ = {isa = PBXBuildFile; fileRef = 6EDB99F516DC585C000CA279 /* message_sIMG@2x.png */; };
		6EDB9A1F16DC585C000CA279 /* message_usIMG@2x.png in Resources */ = {isa = PBXBuildFile; fileRef = 6EDB99F616DC585C000CA279 /* message_usIMG@2x.png */; };
		6EDB9A2016DC585C000CA279 /* pen_sIMG@2x.png in Resources */ = {isa = PBXBuildFile; fileRef = 6EDB99F716DC585C000CA279 /* pen_sIMG@2x.png */; };
		6EDB9A2116DC585C000CA279 /* pen_usIMG@2x.png in Resources */ = {isa = PBXBuildFile; fileRef = 6EDB99F816DC585C000CA279 /* pen_usIMG@2x.png */; };
		6EDB9A2216DC585C000CA279 /* star_sIMG@2x.png in Resources */ = {isa = PBXBuildFile; fileRef = 6EDB99F916DC585C000CA279 /* star_sIMG@2x.png */; };
		6EDB9A2316DC585C000CA279 /* star_usIMG@2x.png in Resources */ = {isa = PBXBuildFile; fileRef = 6EDB99FA16DC585C000CA279 /* star_usIMG@2x.png */; };
		6EDB9A2416DC585C000CA279 /* backButton.png in Resources */ = {isa = PBXBuildFile; fileRef = 6EDB99FD16DC585C000CA279 /* backButton.png */; };
		6EDB9A2516DC585C000CA279 /* backButton_s.png in Resources */ = {isa = PBXBuildFile; fileRef = 6EDB99FE16DC585C000CA279 /* backButton_s.png */; };
		6EDB9A2616DC585C000CA279 /* settingsButton.png in Resources */ = {isa = PBXBuildFile; fileRef = 6EDB99FF16DC585C000CA279 /* settingsButton.png */; };
		6EDB9A2716DC585C000CA279 /* settingsButton_s.png in Resources */ = {isa = PBXBuildFile; fileRef = 6EDB9A0016DC585C000CA279 /* settingsButton_s.png */; };
		6EDB9A2816DC585C000CA279 /* backButton@2x.png in Resources */ = {isa = PBXBuildFile; fileRef = 6EDB9A0216DC585C000CA279 /* backButton@2x.png */; };
		6EDB9A2916DC585C000CA279 /* backButton_s@2x.png in Resources */ = {isa = PBXBuildFile; fileRef = 6EDB9A0316DC585C000CA279 /* backButton_s@2x.png */; };
		6EDB9A2A16DC585C000CA279 /* settingsButton@2x.png in Resources */ = {isa = PBXBuildFile; fileRef = 6EDB9A0416DC585C000CA279 /* settingsButton@2x.png */; };
		6EDB9A2B16DC585C000CA279 /* settingsButton_s@2x.png in Resources */ = {isa = PBXBuildFile; fileRef = 6EDB9A0516DC585C000CA279 /* settingsButton_s@2x.png */; };
		6EE0BAAC16FA96FC00134589 /* MYIntroductionView.m in Sources */ = {isa = PBXBuildFile; fileRef = 6EE0BAA916FA96FC00134589 /* MYIntroductionView.m */; };
		6EE0BAAD16FA96FC00134589 /* MYIntroductionView.m in Sources */ = {isa = PBXBuildFile; fileRef = 6EE0BAA916FA96FC00134589 /* MYIntroductionView.m */; };
		6EE0BAAE16FA96FC00134589 /* MYIntroductionPanel.m in Sources */ = {isa = PBXBuildFile; fileRef = 6EE0BAAB16FA96FC00134589 /* MYIntroductionPanel.m */; };
		6EE0BAAF16FA96FC00134589 /* MYIntroductionPanel.m in Sources */ = {isa = PBXBuildFile; fileRef = 6EE0BAAB16FA96FC00134589 /* MYIntroductionPanel.m */; };
		6EE0BAB416FA971300134589 /* SampleImage1.png in Resources */ = {isa = PBXBuildFile; fileRef = 6EE0BAB016FA971300134589 /* SampleImage1.png */; };
		6EE0BAB516FA971300134589 /* SampleImage1.png in Resources */ = {isa = PBXBuildFile; fileRef = 6EE0BAB016FA971300134589 /* SampleImage1.png */; };
		6EE0BAB616FA971300134589 /* SampleImage2.png in Resources */ = {isa = PBXBuildFile; fileRef = 6EE0BAB116FA971300134589 /* SampleImage2.png */; };
		6EE0BAB716FA971300134589 /* SampleImage2.png in Resources */ = {isa = PBXBuildFile; fileRef = 6EE0BAB116FA971300134589 /* SampleImage2.png */; };
		6EE0BAB816FA971300134589 /* SampleHeaderImage.png in Resources */ = {isa = PBXBuildFile; fileRef = 6EE0BAB216FA971300134589 /* SampleHeaderImage.png */; };
		6EE0BAB916FA971300134589 /* SampleHeaderImage.png in Resources */ = {isa = PBXBuildFile; fileRef = 6EE0BAB216FA971300134589 /* SampleHeaderImage.png */; };
		6EE0BABA16FA971300134589 /* SampleBackground.png in Resources */ = {isa = PBXBuildFile; fileRef = 6EE0BAB316FA971300134589 /* SampleBackground.png */; };
		6EE0BABB16FA971300134589 /* SampleBackground.png in Resources */ = {isa = PBXBuildFile; fileRef = 6EE0BAB316FA971300134589 /* SampleBackground.png */; };
		6EE67DBC16EF712500A01B1F /* HHDirectionPanGestureRecognizer.m in Sources */ = {isa = PBXBuildFile; fileRef = 6EE67DB716EF712500A01B1F /* HHDirectionPanGestureRecognizer.m */; };
		6EE67DBD16EF712500A01B1F /* HHInnerShadowView.m in Sources */ = {isa = PBXBuildFile; fileRef = 6EE67DB916EF712500A01B1F /* HHInnerShadowView.m */; };
		6EE67DBE16EF712500A01B1F /* HHPanningTableViewCell.m in Sources */ = {isa = PBXBuildFile; fileRef = 6EE67DBB16EF712500A01B1F /* HHPanningTableViewCell.m */; };
		6EE67DC116EF71FD00A01B1F /* TableViewController.m in Sources */ = {isa = PBXBuildFile; fileRef = 6EE67DC016EF71FD00A01B1F /* TableViewController.m */; };
/* End PBXBuildFile section */

/* Begin PBXContainerItemProxy section */
		6E1ACDFF16D5952600D9571A /* PBXContainerItemProxy */ = {
			isa = PBXContainerItemProxy;
			containerPortal = 6E1ACDBE16D5952500D9571A /* Project object */;
			proxyType = 1;
			remoteGlobalIDString = 6E1ACDC516D5952500D9571A;
			remoteInfo = Floadt;
		};
/* End PBXContainerItemProxy section */

/* Begin PBXFileReference section */
		6E076DF516F5622600A3C384 /* TTUITableViewZoomController.h */ = {isa = PBXFileReference; fileEncoding = 4; lastKnownFileType = sourcecode.c.h; path = TTUITableViewZoomController.h; sourceTree = "<group>"; };
		6E076DF616F5622600A3C384 /* TTUITableViewZoomController.m */ = {isa = PBXFileReference; fileEncoding = 4; lastKnownFileType = sourcecode.c.objc; path = TTUITableViewZoomController.m; sourceTree = "<group>"; };
		6E076DFB16F568CB00A3C384 /* NSAttributedString+MGTrim.h */ = {isa = PBXFileReference; fileEncoding = 4; lastKnownFileType = sourcecode.c.h; path = "NSAttributedString+MGTrim.h"; sourceTree = "<group>"; };
		6E076DFC16F568CB00A3C384 /* NSAttributedString+MGTrim.m */ = {isa = PBXFileReference; fileEncoding = 4; lastKnownFileType = sourcecode.c.objc; path = "NSAttributedString+MGTrim.m"; sourceTree = "<group>"; };
		6E076DFD16F568CB00A3C384 /* NSObject+MGEvents.h */ = {isa = PBXFileReference; fileEncoding = 4; lastKnownFileType = sourcecode.c.h; path = "NSObject+MGEvents.h"; sourceTree = "<group>"; };
		6E076DFE16F568CB00A3C384 /* NSObject+MGEvents.m */ = {isa = PBXFileReference; fileEncoding = 4; lastKnownFileType = sourcecode.c.objc; path = "NSObject+MGEvents.m"; sourceTree = "<group>"; };
		6E076DFF16F568CB00A3C384 /* UIColor+MGExpanded.h */ = {isa = PBXFileReference; fileEncoding = 4; lastKnownFileType = sourcecode.c.h; path = "UIColor+MGExpanded.h"; sourceTree = "<group>"; };
		6E076E0016F568CB00A3C384 /* UIColor+MGExpanded.m */ = {isa = PBXFileReference; fileEncoding = 4; lastKnownFileType = sourcecode.c.objc; path = "UIColor+MGExpanded.m"; sourceTree = "<group>"; };
		6E076E0116F568CB00A3C384 /* UIControl+MGEvents.h */ = {isa = PBXFileReference; fileEncoding = 4; lastKnownFileType = sourcecode.c.h; path = "UIControl+MGEvents.h"; sourceTree = "<group>"; };
		6E076E0216F568CB00A3C384 /* UIControl+MGEvents.m */ = {isa = PBXFileReference; fileEncoding = 4; lastKnownFileType = sourcecode.c.objc; path = "UIControl+MGEvents.m"; sourceTree = "<group>"; };
		6E076E0316F568CB00A3C384 /* UIResponder+FirstResponder.h */ = {isa = PBXFileReference; fileEncoding = 4; lastKnownFileType = sourcecode.c.h; path = "UIResponder+FirstResponder.h"; sourceTree = "<group>"; };
		6E076E0416F568CB00A3C384 /* UIResponder+FirstResponder.m */ = {isa = PBXFileReference; fileEncoding = 4; lastKnownFileType = sourcecode.c.objc; path = "UIResponder+FirstResponder.m"; sourceTree = "<group>"; };
		6E076E0516F568CB00A3C384 /* UIView+MGEasyFrame.h */ = {isa = PBXFileReference; fileEncoding = 4; lastKnownFileType = sourcecode.c.h; path = "UIView+MGEasyFrame.h"; sourceTree = "<group>"; };
		6E076E0616F568CB00A3C384 /* UIView+MGEasyFrame.m */ = {isa = PBXFileReference; fileEncoding = 4; lastKnownFileType = sourcecode.c.objc; path = "UIView+MGEasyFrame.m"; sourceTree = "<group>"; };
		6E076E0716F568CB00A3C384 /* MGBase.h */ = {isa = PBXFileReference; fileEncoding = 4; lastKnownFileType = sourcecode.c.h; path = MGBase.h; sourceTree = "<group>"; };
		6E076E0816F568CB00A3C384 /* MGBlockWrapper.h */ = {isa = PBXFileReference; fileEncoding = 4; lastKnownFileType = sourcecode.c.h; path = MGBlockWrapper.h; sourceTree = "<group>"; };
		6E076E0916F568CB00A3C384 /* MGBlockWrapper.m */ = {isa = PBXFileReference; fileEncoding = 4; lastKnownFileType = sourcecode.c.objc; path = MGBlockWrapper.m; sourceTree = "<group>"; };
		6E076E0A16F568CB00A3C384 /* MGBox.h */ = {isa = PBXFileReference; fileEncoding = 4; lastKnownFileType = sourcecode.c.h; path = MGBox.h; sourceTree = "<group>"; };
		6E076E0B16F568CB00A3C384 /* MGBox.m */ = {isa = PBXFileReference; fileEncoding = 4; lastKnownFileType = sourcecode.c.objc; path = MGBox.m; sourceTree = "<group>"; };
		6E076E0C16F568CB00A3C384 /* MGButton.h */ = {isa = PBXFileReference; fileEncoding = 4; lastKnownFileType = sourcecode.c.h; path = MGButton.h; sourceTree = "<group>"; };
		6E076E0D16F568CB00A3C384 /* MGButton.m */ = {isa = PBXFileReference; fileEncoding = 4; lastKnownFileType = sourcecode.c.objc; path = MGButton.m; sourceTree = "<group>"; };
		6E076E0E16F568CB00A3C384 /* MGLayoutBox.h */ = {isa = PBXFileReference; fileEncoding = 4; lastKnownFileType = sourcecode.c.h; path = MGLayoutBox.h; sourceTree = "<group>"; };
		6E076E0F16F568CB00A3C384 /* MGLayoutManager.h */ = {isa = PBXFileReference; fileEncoding = 4; lastKnownFileType = sourcecode.c.h; path = MGLayoutManager.h; sourceTree = "<group>"; };
		6E076E1016F568CB00A3C384 /* MGLayoutManager.m */ = {isa = PBXFileReference; fileEncoding = 4; lastKnownFileType = sourcecode.c.objc; path = MGLayoutManager.m; sourceTree = "<group>"; };
		6E076E1116F568CB00A3C384 /* MGLine.h */ = {isa = PBXFileReference; fileEncoding = 4; lastKnownFileType = sourcecode.c.h; path = MGLine.h; sourceTree = "<group>"; };
		6E076E1216F568CB00A3C384 /* MGLine.m */ = {isa = PBXFileReference; fileEncoding = 4; lastKnownFileType = sourcecode.c.objc; path = MGLine.m; sourceTree = "<group>"; };
		6E076E1316F568CB00A3C384 /* MGLineStyled.h */ = {isa = PBXFileReference; fileEncoding = 4; lastKnownFileType = sourcecode.c.h; path = MGLineStyled.h; sourceTree = "<group>"; };
		6E076E1416F568CB00A3C384 /* MGLineStyled.m */ = {isa = PBXFileReference; fileEncoding = 4; lastKnownFileType = sourcecode.c.objc; path = MGLineStyled.m; sourceTree = "<group>"; };
		6E076E1516F568CB00A3C384 /* MGMushParser.h */ = {isa = PBXFileReference; fileEncoding = 4; lastKnownFileType = sourcecode.c.h; path = MGMushParser.h; sourceTree = "<group>"; };
		6E076E1616F568CB00A3C384 /* MGMushParser.m */ = {isa = PBXFileReference; fileEncoding = 4; lastKnownFileType = sourcecode.c.objc; path = MGMushParser.m; sourceTree = "<group>"; };
		6E076E1716F568CB00A3C384 /* MGScrollView.h */ = {isa = PBXFileReference; fileEncoding = 4; lastKnownFileType = sourcecode.c.h; path = MGScrollView.h; sourceTree = "<group>"; };
		6E076E1816F568CB00A3C384 /* MGScrollView.m */ = {isa = PBXFileReference; fileEncoding = 4; lastKnownFileType = sourcecode.c.objc; path = MGScrollView.m; sourceTree = "<group>"; };
		6E076E1916F568CB00A3C384 /* MGTableBox.h */ = {isa = PBXFileReference; fileEncoding = 4; lastKnownFileType = sourcecode.c.h; path = MGTableBox.h; sourceTree = "<group>"; };
		6E076E1A16F568CB00A3C384 /* MGTableBox.m */ = {isa = PBXFileReference; fileEncoding = 4; lastKnownFileType = sourcecode.c.objc; path = MGTableBox.m; sourceTree = "<group>"; };
		6E076E1B16F568CB00A3C384 /* MGTableBoxStyled.h */ = {isa = PBXFileReference; fileEncoding = 4; lastKnownFileType = sourcecode.c.h; path = MGTableBoxStyled.h; sourceTree = "<group>"; };
		6E076E1C16F568CB00A3C384 /* MGTableBoxStyled.m */ = {isa = PBXFileReference; fileEncoding = 4; lastKnownFileType = sourcecode.c.objc; path = MGTableBoxStyled.m; sourceTree = "<group>"; };
		6E076E3516F5694000A3C384 /* CoreText.framework */ = {isa = PBXFileReference; lastKnownFileType = wrapper.framework; name = CoreText.framework; path = System/Library/Frameworks/CoreText.framework; sourceTree = SDKROOT; };
		6E0B250C16F2B15900317E65 /* MeViewController.h */ = {isa = PBXFileReference; fileEncoding = 4; lastKnownFileType = sourcecode.c.h; path = MeViewController.h; sourceTree = "<group>"; };
		6E0B250D16F2B15900317E65 /* MeViewController.m */ = {isa = PBXFileReference; fileEncoding = 4; lastKnownFileType = sourcecode.c.objc; path = MeViewController.m; sourceTree = "<group>"; };
		6E1161A916F7F14400EA43F5 /* KGStatusBar.h */ = {isa = PBXFileReference; fileEncoding = 4; lastKnownFileType = sourcecode.c.h; path = KGStatusBar.h; sourceTree = "<group>"; };
		6E1161AA16F7F14400EA43F5 /* KGStatusBar.m */ = {isa = PBXFileReference; fileEncoding = 4; lastKnownFileType = sourcecode.c.objc; path = KGStatusBar.m; sourceTree = "<group>"; };
		6E11975F16F916A800CE0EB3 /* PhotoBox.h */ = {isa = PBXFileReference; fileEncoding = 4; lastKnownFileType = sourcecode.c.h; path = PhotoBox.h; sourceTree = "<group>"; };
		6E11976016F916A800CE0EB3 /* PhotoBox.m */ = {isa = PBXFileReference; fileEncoding = 4; lastKnownFileType = sourcecode.c.objc; path = PhotoBox.m; sourceTree = "<group>"; };
		6E11976716F916C200CE0EB3 /* arrow.png */ = {isa = PBXFileReference; lastKnownFileType = image.png; path = arrow.png; sourceTree = "<group>"; };
		6E11976816F916C200CE0EB3 /* arrow@2x.png */ = {isa = PBXFileReference; lastKnownFileType = image.png; path = "arrow@2x.png"; sourceTree = "<group>"; };
		6E11976916F916C200CE0EB3 /* add.png */ = {isa = PBXFileReference; lastKnownFileType = image.png; path = add.png; sourceTree = "<group>"; };
		6E11976A16F916C200CE0EB3 /* add@2x.png */ = {isa = PBXFileReference; lastKnownFileType = image.png; path = "add@2x.png"; sourceTree = "<group>"; };
		6E11977316F91B1000CE0EB3 /* DashboardViewController.h */ = {isa = PBXFileReference; fileEncoding = 4; lastKnownFileType = sourcecode.c.h; path = DashboardViewController.h; sourceTree = "<group>"; };
		6E11977416F91B1000CE0EB3 /* DashboardViewController.m */ = {isa = PBXFileReference; fileEncoding = 4; lastKnownFileType = sourcecode.c.objc; path = DashboardViewController.m; sourceTree = "<group>"; };
		6E1ACDC616D5952500D9571A /* Floadt.app */ = {isa = PBXFileReference; explicitFileType = wrapper.application; includeInIndex = 0; path = Floadt.app; sourceTree = BUILT_PRODUCTS_DIR; };
		6E1ACDC916D5952500D9571A /* UIKit.framework */ = {isa = PBXFileReference; lastKnownFileType = wrapper.framework; name = UIKit.framework; path = System/Library/Frameworks/UIKit.framework; sourceTree = SDKROOT; };
		6E1ACDCB16D5952500D9571A /* Foundation.framework */ = {isa = PBXFileReference; lastKnownFileType = wrapper.framework; name = Foundation.framework; path = System/Library/Frameworks/Foundation.framework; sourceTree = SDKROOT; };
		6E1ACDCD16D5952500D9571A /* CoreGraphics.framework */ = {isa = PBXFileReference; lastKnownFileType = wrapper.framework; name = CoreGraphics.framework; path = System/Library/Frameworks/CoreGraphics.framework; sourceTree = SDKROOT; };
		6E1ACDD116D5952500D9571A /* Floadt-Info.plist */ = {isa = PBXFileReference; lastKnownFileType = text.plist.xml; path = "Floadt-Info.plist"; sourceTree = "<group>"; };
		6E1ACDD516D5952500D9571A /* main.m */ = {isa = PBXFileReference; lastKnownFileType = sourcecode.c.objc; path = main.m; sourceTree = "<group>"; };
		6E1ACDD716D5952500D9571A /* Floadt-Prefix.pch */ = {isa = PBXFileReference; lastKnownFileType = sourcecode.c.h; path = "Floadt-Prefix.pch"; sourceTree = "<group>"; };
		6E1ACDD816D5952500D9571A /* AppDelegate.h */ = {isa = PBXFileReference; lastKnownFileType = sourcecode.c.h; path = AppDelegate.h; sourceTree = "<group>"; };
		6E1ACDD916D5952500D9571A /* AppDelegate.m */ = {isa = PBXFileReference; lastKnownFileType = sourcecode.c.objc; path = AppDelegate.m; sourceTree = "<group>"; };
		6E1ACDDB16D5952500D9571A /* Default.png */ = {isa = PBXFileReference; lastKnownFileType = image.png; name = Default.png; path = ../../../Default.png; sourceTree = "<group>"; };
		6E1ACDDD16D5952500D9571A /* Default@2x.png */ = {isa = PBXFileReference; lastKnownFileType = image.png; name = "Default@2x.png"; path = "../../../Default@2x.png"; sourceTree = "<group>"; };
		6E1ACDDF16D5952500D9571A /* Default-568h@2x.png */ = {isa = PBXFileReference; lastKnownFileType = image.png; name = "Default-568h@2x.png"; path = "../../../Default-568h@2x.png"; sourceTree = "<group>"; };
		6E1ACDE216D5952500D9571A /* en */ = {isa = PBXFileReference; lastKnownFileType = file.storyboard; name = en; path = en.lproj/MainStoryboard_iPhone.storyboard; sourceTree = "<group>"; };
		6E1ACDFA16D5952600D9571A /* FloadtTests.octest */ = {isa = PBXFileReference; explicitFileType = wrapper.cfbundle; includeInIndex = 0; path = FloadtTests.octest; sourceTree = BUILT_PRODUCTS_DIR; };
		6E1ACDFB16D5952600D9571A /* SenTestingKit.framework */ = {isa = PBXFileReference; lastKnownFileType = wrapper.framework; name = SenTestingKit.framework; path = Library/Frameworks/SenTestingKit.framework; sourceTree = DEVELOPER_DIR; };
		6E1ACE0316D5952600D9571A /* FloadtTests-Info.plist */ = {isa = PBXFileReference; lastKnownFileType = text.plist.xml; path = "FloadtTests-Info.plist"; sourceTree = "<group>"; };
		6E1ACE0516D5952600D9571A /* en */ = {isa = PBXFileReference; lastKnownFileType = text.plist.strings; name = en; path = en.lproj/InfoPlist.strings; sourceTree = "<group>"; };
		6E1ACE0716D5952600D9571A /* FloadtTests.h */ = {isa = PBXFileReference; lastKnownFileType = sourcecode.c.h; path = FloadtTests.h; sourceTree = "<group>"; };
		6E1ACE0816D5952600D9571A /* FloadtTests.m */ = {isa = PBXFileReference; lastKnownFileType = sourcecode.c.objc; path = FloadtTests.m; sourceTree = "<group>"; };
		6E2F52DA16FA93480058A41D /* libz.dylib */ = {isa = PBXFileReference; lastKnownFileType = "compiled.mach-o.dylib"; name = libz.dylib; path = usr/lib/libz.dylib; sourceTree = SDKROOT; };
		6E4DB23816F00EB70060A784 /* KiipSDKResources.bundle */ = {isa = PBXFileReference; lastKnownFileType = "wrapper.plug-in"; path = KiipSDKResources.bundle; sourceTree = "<group>"; };
		6E4DB23A16F00EC10060A784 /* KiipSDK.framework */ = {isa = PBXFileReference; lastKnownFileType = wrapper.framework; path = KiipSDK.framework; sourceTree = "<group>"; };
		6E4DB23C16F00EEE0060A784 /* CoreTelephony.framework */ = {isa = PBXFileReference; lastKnownFileType = wrapper.framework; name = CoreTelephony.framework; path = System/Library/Frameworks/CoreTelephony.framework; sourceTree = SDKROOT; };
		6E9BB87A16EFD3A200C2E05A /* ISGumView.h */ = {isa = PBXFileReference; fileEncoding = 4; lastKnownFileType = sourcecode.c.h; path = ISGumView.h; sourceTree = "<group>"; };
		6E9BB87B16EFD3A200C2E05A /* ISGumView.m */ = {isa = PBXFileReference; fileEncoding = 4; lastKnownFileType = sourcecode.c.objc; path = ISGumView.m; sourceTree = "<group>"; };
		6E9BB87C16EFD3A200C2E05A /* ISRefreshControl.h */ = {isa = PBXFileReference; fileEncoding = 4; lastKnownFileType = sourcecode.c.h; path = ISRefreshControl.h; sourceTree = "<group>"; };
		6E9BB87D16EFD3A200C2E05A /* ISRefreshControl.m */ = {isa = PBXFileReference; fileEncoding = 4; lastKnownFileType = sourcecode.c.objc; path = ISRefreshControl.m; sourceTree = "<group>"; };
		6E9BB87E16EFD3A200C2E05A /* UIActivityIndicatorView+ScaleAnimation.h */ = {isa = PBXFileReference; fileEncoding = 4; lastKnownFileType = sourcecode.c.h; path = "UIActivityIndicatorView+ScaleAnimation.h"; sourceTree = "<group>"; };
		6E9BB87F16EFD3A200C2E05A /* UIActivityIndicatorView+ScaleAnimation.m */ = {isa = PBXFileReference; fileEncoding = 4; lastKnownFileType = sourcecode.c.objc; path = "UIActivityIndicatorView+ScaleAnimation.m"; sourceTree = "<group>"; };
		6E9BB88016EFD3A200C2E05A /* UITableViewController+RefreshControl.h */ = {isa = PBXFileReference; fileEncoding = 4; lastKnownFileType = sourcecode.c.h; path = "UITableViewController+RefreshControl.h"; sourceTree = "<group>"; };
		6E9BB88116EFD3A200C2E05A /* UITableViewController+RefreshControl.m */ = {isa = PBXFileReference; fileEncoding = 4; lastKnownFileType = sourcecode.c.objc; path = "UITableViewController+RefreshControl.m"; sourceTree = "<group>"; };
		6E9BB88216EFD3A200C2E05A /* ISUtility.h */ = {isa = PBXFileReference; fileEncoding = 4; lastKnownFileType = sourcecode.c.h; path = ISUtility.h; sourceTree = "<group>"; };
		6E9BB88316EFD3A200C2E05A /* ISUtility.m */ = {isa = PBXFileReference; fileEncoding = 4; lastKnownFileType = sourcecode.c.objc; path = ISUtility.m; sourceTree = "<group>"; };
		6E9BB88E16EFD3D200C2E05A /* ISRefresgControlIcon.png */ = {isa = PBXFileReference; lastKnownFileType = image.png; path = ISRefresgControlIcon.png; sourceTree = "<group>"; };
		6E9BB88F16EFD3D200C2E05A /* ISRefresgControlIcon@2x.png */ = {isa = PBXFileReference; lastKnownFileType = image.png; path = "ISRefresgControlIcon@2x.png"; sourceTree = "<group>"; };
		6E9BB89916EFDE3400C2E05A /* PingViewController.h */ = {isa = PBXFileReference; fileEncoding = 4; lastKnownFileType = sourcecode.c.h; path = PingViewController.h; sourceTree = "<group>"; };
		6E9BB89A16EFDE3400C2E05A /* PingViewController.m */ = {isa = PBXFileReference; fileEncoding = 4; lastKnownFileType = sourcecode.c.objc; path = PingViewController.m; sourceTree = "<group>"; };
		6EA810E416E2AF49009B1D87 /* TestLoginViewController.h */ = {isa = PBXFileReference; fileEncoding = 4; lastKnownFileType = sourcecode.c.h; path = TestLoginViewController.h; sourceTree = "<group>"; };
		6EA810E516E2AF49009B1D87 /* TestLoginViewController.m */ = {isa = PBXFileReference; fileEncoding = 4; lastKnownFileType = sourcecode.c.objc; path = TestLoginViewController.m; sourceTree = "<group>"; };
		6EAD6B0A16E4113B0016C8E5 /* SettingsViewController.h */ = {isa = PBXFileReference; fileEncoding = 4; lastKnownFileType = sourcecode.c.h; path = SettingsViewController.h; sourceTree = "<group>"; };
		6EAD6B0B16E4113B0016C8E5 /* SettingsViewController.m */ = {isa = PBXFileReference; fileEncoding = 4; lastKnownFileType = sourcecode.c.objc; path = SettingsViewController.m; sourceTree = "<group>"; };
		6EAD6B0F16E415000016C8E5 /* close_sIMG.png */ = {isa = PBXFileReference; lastKnownFileType = image.png; path = close_sIMG.png; sourceTree = "<group>"; };
		6EAD6B1016E415000016C8E5 /* close_usIMG.png */ = {isa = PBXFileReference; lastKnownFileType = image.png; path = close_usIMG.png; sourceTree = "<group>"; };
		6EAD6B1316E415150016C8E5 /* close_sIMG@2x.png */ = {isa = PBXFileReference; lastKnownFileType = image.png; name = "close_sIMG@2x.png"; path = "Floadt/Resources/TabBar/Retina/close_sIMG@2x.png"; sourceTree = SOURCE_ROOT; };
		6EAD6B1416E415150016C8E5 /* close_usIMG@2x.png */ = {isa = PBXFileReference; lastKnownFileType = image.png; name = "close_usIMG@2x.png"; path = "Floadt/Resources/TabBar/Retina/close_usIMG@2x.png"; sourceTree = SOURCE_ROOT; };
		6EBAE08C16DD9AA200658511 /* Parse.framework */ = {isa = PBXFileReference; lastKnownFileType = wrapper.framework; path = Parse.framework; sourceTree = "<group>"; };
		6EBAE08E16DD9B0900658511 /* Accounts.framework */ = {isa = PBXFileReference; lastKnownFileType = wrapper.framework; name = Accounts.framework; path = System/Library/Frameworks/Accounts.framework; sourceTree = SDKROOT; };
		6EBAE08F16DD9B0900658511 /* AdSupport.framework */ = {isa = PBXFileReference; lastKnownFileType = wrapper.framework; name = AdSupport.framework; path = System/Library/Frameworks/AdSupport.framework; sourceTree = SDKROOT; };
		6EBAE09016DD9B0900658511 /* AudioToolbox.framework */ = {isa = PBXFileReference; lastKnownFileType = wrapper.framework; name = AudioToolbox.framework; path = System/Library/Frameworks/AudioToolbox.framework; sourceTree = SDKROOT; };
		6EBAE09116DD9B0900658511 /* CFNetwork.framework */ = {isa = PBXFileReference; lastKnownFileType = wrapper.framework; name = CFNetwork.framework; path = System/Library/Frameworks/CFNetwork.framework; sourceTree = SDKROOT; };
		6EBAE09216DD9B0900658511 /* CoreLocation.framework */ = {isa = PBXFileReference; lastKnownFileType = wrapper.framework; name = CoreLocation.framework; path = System/Library/Frameworks/CoreLocation.framework; sourceTree = SDKROOT; };
		6EBAE09316DD9B0900658511 /* libsqlite3.dylib */ = {isa = PBXFileReference; lastKnownFileType = "compiled.mach-o.dylib"; name = libsqlite3.dylib; path = usr/lib/libsqlite3.dylib; sourceTree = SDKROOT; };
		6EBAE09416DD9B0900658511 /* libz.1.1.3.dylib */ = {isa = PBXFileReference; lastKnownFileType = "compiled.mach-o.dylib"; name = libz.1.1.3.dylib; path = usr/lib/libz.1.1.3.dylib; sourceTree = SDKROOT; };
		6EBAE09516DD9B0900658511 /* MobileCoreServices.framework */ = {isa = PBXFileReference; lastKnownFileType = wrapper.framework; name = MobileCoreServices.framework; path = System/Library/Frameworks/MobileCoreServices.framework; sourceTree = SDKROOT; };
		6EBAE09616DD9B0900658511 /* QuartzCore.framework */ = {isa = PBXFileReference; lastKnownFileType = wrapper.framework; name = QuartzCore.framework; path = System/Library/Frameworks/QuartzCore.framework; sourceTree = SDKROOT; };
		6EBAE09716DD9B0900658511 /* Security.framework */ = {isa = PBXFileReference; lastKnownFileType = wrapper.framework; name = Security.framework; path = System/Library/Frameworks/Security.framework; sourceTree = SDKROOT; };
		6EBAE09816DD9B0900658511 /* Social.framework */ = {isa = PBXFileReference; lastKnownFileType = wrapper.framework; name = Social.framework; path = System/Library/Frameworks/Social.framework; sourceTree = SDKROOT; };
		6EBAE09916DD9B0900658511 /* StoreKit.framework */ = {isa = PBXFileReference; lastKnownFileType = wrapper.framework; name = StoreKit.framework; path = System/Library/Frameworks/StoreKit.framework; sourceTree = SDKROOT; };
		6EBAE09A16DD9B0900658511 /* SystemConfiguration.framework */ = {isa = PBXFileReference; lastKnownFileType = wrapper.framework; name = SystemConfiguration.framework; path = System/Library/Frameworks/SystemConfiguration.framework; sourceTree = SDKROOT; };
		6EDB99D916DC585C000CA279 /* floadtLogo.png */ = {isa = PBXFileReference; lastKnownFileType = image.png; path = floadtLogo.png; sourceTree = "<group>"; };
		6EDB99DA16DC585C000CA279 /* navigationBar.png */ = {isa = PBXFileReference; lastKnownFileType = image.png; path = navigationBar.png; sourceTree = "<group>"; };
		6EDB99DB16DC585C000CA279 /* standButton.png */ = {isa = PBXFileReference; lastKnownFileType = image.png; path = standButton.png; sourceTree = "<group>"; };
		6EDB99DC16DC585C000CA279 /* tabBarBg-icns.png */ = {isa = PBXFileReference; lastKnownFileType = image.png; path = "tabBarBg-icns.png"; sourceTree = "<group>"; };
		6EDB99DD16DC585C000CA279 /* tabBarBg-selc.png */ = {isa = PBXFileReference; lastKnownFileType = image.png; path = "tabBarBg-selc.png"; sourceTree = "<group>"; };
		6EDB99DF16DC585C000CA279 /* floadtLogo@2x.png */ = {isa = PBXFileReference; lastKnownFileType = image.png; path = "floadtLogo@2x.png"; sourceTree = "<group>"; };
		6EDB99E016DC585C000CA279 /* navigationBar@2x.png */ = {isa = PBXFileReference; lastKnownFileType = image.png; path = "navigationBar@2x.png"; sourceTree = "<group>"; };
		6EDB99E116DC585C000CA279 /* standButton@2x.png */ = {isa = PBXFileReference; lastKnownFileType = image.png; path = "standButton@2x.png"; sourceTree = "<group>"; };
		6EDB99E216DC585C000CA279 /* tabBarBg-icns@2x.png */ = {isa = PBXFileReference; lastKnownFileType = image.png; path = "tabBarBg-icns@2x.png"; sourceTree = "<group>"; };
		6EDB99E316DC585C000CA279 /* tabBarBg-selc@2x.png */ = {isa = PBXFileReference; lastKnownFileType = image.png; path = "tabBarBg-selc@2x.png"; sourceTree = "<group>"; };
		6EDB99EA16DC585C000CA279 /* comment_sIMG.png */ = {isa = PBXFileReference; lastKnownFileType = image.png; path = comment_sIMG.png; sourceTree = "<group>"; };
		6EDB99EB16DC585C000CA279 /* comment_usIMG.png */ = {isa = PBXFileReference; lastKnownFileType = image.png; path = comment_usIMG.png; sourceTree = "<group>"; };
		6EDB99EC16DC585C000CA279 /* message_sIMG.png */ = {isa = PBXFileReference; lastKnownFileType = image.png; path = message_sIMG.png; sourceTree = "<group>"; };
		6EDB99ED16DC585C000CA279 /* message_usIMG.png */ = {isa = PBXFileReference; lastKnownFileType = image.png; path = message_usIMG.png; sourceTree = "<group>"; };
		6EDB99EE16DC585C000CA279 /* pen_sIMG.png */ = {isa = PBXFileReference; lastKnownFileType = image.png; path = pen_sIMG.png; sourceTree = "<group>"; };
		6EDB99EF16DC585C000CA279 /* pen_usIMG.png */ = {isa = PBXFileReference; lastKnownFileType = image.png; path = pen_usIMG.png; sourceTree = "<group>"; };
		6EDB99F016DC585C000CA279 /* star_sIMG.png */ = {isa = PBXFileReference; lastKnownFileType = image.png; path = star_sIMG.png; sourceTree = "<group>"; };
		6EDB99F116DC585C000CA279 /* star_usIMG.png */ = {isa = PBXFileReference; lastKnownFileType = image.png; path = star_usIMG.png; sourceTree = "<group>"; };
		6EDB99F316DC585C000CA279 /* comment_sIMG@2x.png */ = {isa = PBXFileReference; lastKnownFileType = image.png; name = "comment_sIMG@2x.png"; path = "../Retina/comment_sIMG@2x.png"; sourceTree = "<group>"; };
		6EDB99F416DC585C000CA279 /* comment_usIMG@2x.png */ = {isa = PBXFileReference; lastKnownFileType = image.png; name = "comment_usIMG@2x.png"; path = "../Retina/comment_usIMG@2x.png"; sourceTree = "<group>"; };
		6EDB99F516DC585C000CA279 /* message_sIMG@2x.png */ = {isa = PBXFileReference; lastKnownFileType = image.png; name = "message_sIMG@2x.png"; path = "../Retina/message_sIMG@2x.png"; sourceTree = "<group>"; };
		6EDB99F616DC585C000CA279 /* message_usIMG@2x.png */ = {isa = PBXFileReference; lastKnownFileType = image.png; name = "message_usIMG@2x.png"; path = "../Retina/message_usIMG@2x.png"; sourceTree = "<group>"; };
		6EDB99F716DC585C000CA279 /* pen_sIMG@2x.png */ = {isa = PBXFileReference; lastKnownFileType = image.png; name = "pen_sIMG@2x.png"; path = "../Retina/pen_sIMG@2x.png"; sourceTree = "<group>"; };
		6EDB99F816DC585C000CA279 /* pen_usIMG@2x.png */ = {isa = PBXFileReference; lastKnownFileType = image.png; name = "pen_usIMG@2x.png"; path = "../Retina/pen_usIMG@2x.png"; sourceTree = "<group>"; };
		6EDB99F916DC585C000CA279 /* star_sIMG@2x.png */ = {isa = PBXFileReference; lastKnownFileType = image.png; name = "star_sIMG@2x.png"; path = "../Retina/star_sIMG@2x.png"; sourceTree = "<group>"; };
		6EDB99FA16DC585C000CA279 /* star_usIMG@2x.png */ = {isa = PBXFileReference; lastKnownFileType = image.png; name = "star_usIMG@2x.png"; path = "../Retina/star_usIMG@2x.png"; sourceTree = "<group>"; };
		6EDB99FD16DC585C000CA279 /* backButton.png */ = {isa = PBXFileReference; lastKnownFileType = image.png; path = backButton.png; sourceTree = "<group>"; };
		6EDB99FE16DC585C000CA279 /* backButton_s.png */ = {isa = PBXFileReference; lastKnownFileType = image.png; path = backButton_s.png; sourceTree = "<group>"; };
		6EDB99FF16DC585C000CA279 /* settingsButton.png */ = {isa = PBXFileReference; lastKnownFileType = image.png; path = settingsButton.png; sourceTree = "<group>"; };
		6EDB9A0016DC585C000CA279 /* settingsButton_s.png */ = {isa = PBXFileReference; lastKnownFileType = image.png; path = settingsButton_s.png; sourceTree = "<group>"; };
		6EDB9A0216DC585C000CA279 /* backButton@2x.png */ = {isa = PBXFileReference; lastKnownFileType = image.png; path = "backButton@2x.png"; sourceTree = "<group>"; };
		6EDB9A0316DC585C000CA279 /* backButton_s@2x.png */ = {isa = PBXFileReference; lastKnownFileType = image.png; path = "backButton_s@2x.png"; sourceTree = "<group>"; };
		6EDB9A0416DC585C000CA279 /* settingsButton@2x.png */ = {isa = PBXFileReference; lastKnownFileType = image.png; path = "settingsButton@2x.png"; sourceTree = "<group>"; };
		6EDB9A0516DC585C000CA279 /* settingsButton_s@2x.png */ = {isa = PBXFileReference; lastKnownFileType = image.png; path = "settingsButton_s@2x.png"; sourceTree = "<group>"; };
		6EE0BAA816FA96FC00134589 /* MYIntroductionView.h */ = {isa = PBXFileReference; fileEncoding = 4; lastKnownFileType = sourcecode.c.h; path = MYIntroductionView.h; sourceTree = "<group>"; };
		6EE0BAA916FA96FC00134589 /* MYIntroductionView.m */ = {isa = PBXFileReference; fileEncoding = 4; lastKnownFileType = sourcecode.c.objc; path = MYIntroductionView.m; sourceTree = "<group>"; };
		6EE0BAAA16FA96FC00134589 /* MYIntroductionPanel.h */ = {isa = PBXFileReference; fileEncoding = 4; lastKnownFileType = sourcecode.c.h; path = MYIntroductionPanel.h; sourceTree = "<group>"; };
		6EE0BAAB16FA96FC00134589 /* MYIntroductionPanel.m */ = {isa = PBXFileReference; fileEncoding = 4; lastKnownFileType = sourcecode.c.objc; path = MYIntroductionPanel.m; sourceTree = "<group>"; };
		6EE0BAB016FA971300134589 /* SampleImage1.png */ = {isa = PBXFileReference; lastKnownFileType = image.png; path = SampleImage1.png; sourceTree = "<group>"; };
		6EE0BAB116FA971300134589 /* SampleImage2.png */ = {isa = PBXFileReference; lastKnownFileType = image.png; path = SampleImage2.png; sourceTree = "<group>"; };
		6EE0BAB216FA971300134589 /* SampleHeaderImage.png */ = {isa = PBXFileReference; lastKnownFileType = image.png; path = SampleHeaderImage.png; sourceTree = "<group>"; };
		6EE0BAB316FA971300134589 /* SampleBackground.png */ = {isa = PBXFileReference; lastKnownFileType = image.png; path = SampleBackground.png; sourceTree = "<group>"; };
		6EE67DB616EF712500A01B1F /* HHDirectionPanGestureRecognizer.h */ = {isa = PBXFileReference; fileEncoding = 4; lastKnownFileType = sourcecode.c.h; path = HHDirectionPanGestureRecognizer.h; sourceTree = "<group>"; };
		6EE67DB716EF712500A01B1F /* HHDirectionPanGestureRecognizer.m */ = {isa = PBXFileReference; fileEncoding = 4; lastKnownFileType = sourcecode.c.objc; path = HHDirectionPanGestureRecognizer.m; sourceTree = "<group>"; };
		6EE67DB816EF712500A01B1F /* HHInnerShadowView.h */ = {isa = PBXFileReference; fileEncoding = 4; lastKnownFileType = sourcecode.c.h; path = HHInnerShadowView.h; sourceTree = "<group>"; };
		6EE67DB916EF712500A01B1F /* HHInnerShadowView.m */ = {isa = PBXFileReference; fileEncoding = 4; lastKnownFileType = sourcecode.c.objc; path = HHInnerShadowView.m; sourceTree = "<group>"; };
		6EE67DBA16EF712500A01B1F /* HHPanningTableViewCell.h */ = {isa = PBXFileReference; fileEncoding = 4; lastKnownFileType = sourcecode.c.h; path = HHPanningTableViewCell.h; sourceTree = "<group>"; };
		6EE67DBB16EF712500A01B1F /* HHPanningTableViewCell.m */ = {isa = PBXFileReference; fileEncoding = 4; lastKnownFileType = sourcecode.c.objc; path = HHPanningTableViewCell.m; sourceTree = "<group>"; };
		6EE67DBF16EF71FD00A01B1F /* TableViewController.h */ = {isa = PBXFileReference; fileEncoding = 4; lastKnownFileType = sourcecode.c.h; path = TableViewController.h; sourceTree = "<group>"; };
		6EE67DC016EF71FD00A01B1F /* TableViewController.m */ = {isa = PBXFileReference; fileEncoding = 4; lastKnownFileType = sourcecode.c.objc; path = TableViewController.m; sourceTree = "<group>"; };
/* End PBXFileReference section */

/* Begin PBXFrameworksBuildPhase section */
		6E1ACDC316D5952500D9571A /* Frameworks */ = {
			isa = PBXFrameworksBuildPhase;
			buildActionMask = 2147483647;
			files = (
				6EBAE0A716DD9B0900658511 /* SystemConfiguration.framework in Frameworks */,
				6E4DB23D16F00EEE0060A784 /* CoreTelephony.framework in Frameworks */,
				6E2F52DB16FA93480058A41D /* libz.dylib in Frameworks */,
				6E076E3616F5694000A3C384 /* CoreText.framework in Frameworks */,
				6E1ACDCE16D5952500D9571A /* CoreGraphics.framework in Frameworks */,
				6EBAE09C16DD9B0900658511 /* AdSupport.framework in Frameworks */,
				6EBAE09D16DD9B0900658511 /* AudioToolbox.framework in Frameworks */,
				6EBAE09B16DD9B0900658511 /* Accounts.framework in Frameworks */,
				6EBAE09E16DD9B0900658511 /* CFNetwork.framework in Frameworks */,
				6EBAE09F16DD9B0900658511 /* CoreLocation.framework in Frameworks */,
				6EBAE0A016DD9B0900658511 /* libsqlite3.dylib in Frameworks */,
				6EBAE0A116DD9B0900658511 /* libz.1.1.3.dylib in Frameworks */,
				6EBAE0A216DD9B0900658511 /* MobileCoreServices.framework in Frameworks */,
				6EBAE0A316DD9B0900658511 /* QuartzCore.framework in Frameworks */,
				6EBAE0A416DD9B0900658511 /* Security.framework in Frameworks */,
				6EBAE0A516DD9B0900658511 /* Social.framework in Frameworks */,
				6EBAE0A616DD9B0900658511 /* StoreKit.framework in Frameworks */,
				6E1ACDCA16D5952500D9571A /* UIKit.framework in Frameworks */,
				6E1ACDCC16D5952500D9571A /* Foundation.framework in Frameworks */,
				6EBAE08D16DD9AA200658511 /* Parse.framework in Frameworks */,
				6E4DB23B16F00EC10060A784 /* KiipSDK.framework in Frameworks */,
			);
			runOnlyForDeploymentPostprocessing = 0;
		};
		6E1ACDF616D5952600D9571A /* Frameworks */ = {
			isa = PBXFrameworksBuildPhase;
			buildActionMask = 2147483647;
			files = (
				6E1ACDFC16D5952600D9571A /* SenTestingKit.framework in Frameworks */,
				6E1ACDFD16D5952600D9571A /* UIKit.framework in Frameworks */,
				6E1ACDFE16D5952600D9571A /* Foundation.framework in Frameworks */,
			);
			runOnlyForDeploymentPostprocessing = 0;
		};
/* End PBXFrameworksBuildPhase section */

/* Begin PBXGroup section */
		6E076DF916F568CB00A3C384 /* MGBox */ = {
			isa = PBXGroup;
			children = (
				6E076DFA16F568CB00A3C384 /* Categories */,
				6E076E0716F568CB00A3C384 /* MGBase.h */,
				6E076E0816F568CB00A3C384 /* MGBlockWrapper.h */,
				6E076E0916F568CB00A3C384 /* MGBlockWrapper.m */,
				6E076E0A16F568CB00A3C384 /* MGBox.h */,
				6E076E0B16F568CB00A3C384 /* MGBox.m */,
				6E076E0C16F568CB00A3C384 /* MGButton.h */,
				6E076E0D16F568CB00A3C384 /* MGButton.m */,
				6E076E0E16F568CB00A3C384 /* MGLayoutBox.h */,
				6E076E0F16F568CB00A3C384 /* MGLayoutManager.h */,
				6E076E1016F568CB00A3C384 /* MGLayoutManager.m */,
				6E076E1116F568CB00A3C384 /* MGLine.h */,
				6E076E1216F568CB00A3C384 /* MGLine.m */,
				6E076E1316F568CB00A3C384 /* MGLineStyled.h */,
				6E076E1416F568CB00A3C384 /* MGLineStyled.m */,
				6E076E1516F568CB00A3C384 /* MGMushParser.h */,
				6E076E1616F568CB00A3C384 /* MGMushParser.m */,
				6E076E1716F568CB00A3C384 /* MGScrollView.h */,
				6E076E1816F568CB00A3C384 /* MGScrollView.m */,
				6E076E1916F568CB00A3C384 /* MGTableBox.h */,
				6E076E1A16F568CB00A3C384 /* MGTableBox.m */,
				6E076E1B16F568CB00A3C384 /* MGTableBoxStyled.h */,
				6E076E1C16F568CB00A3C384 /* MGTableBoxStyled.m */,
			);
			path = MGBox;
			sourceTree = "<group>";
		};
		6E076DFA16F568CB00A3C384 /* Categories */ = {
			isa = PBXGroup;
			children = (
				6E076DFB16F568CB00A3C384 /* NSAttributedString+MGTrim.h */,
				6E076DFC16F568CB00A3C384 /* NSAttributedString+MGTrim.m */,
				6E076DFD16F568CB00A3C384 /* NSObject+MGEvents.h */,
				6E076DFE16F568CB00A3C384 /* NSObject+MGEvents.m */,
				6E076DFF16F568CB00A3C384 /* UIColor+MGExpanded.h */,
				6E076E0016F568CB00A3C384 /* UIColor+MGExpanded.m */,
				6E076E0116F568CB00A3C384 /* UIControl+MGEvents.h */,
				6E076E0216F568CB00A3C384 /* UIControl+MGEvents.m */,
				6E076E0316F568CB00A3C384 /* UIResponder+FirstResponder.h */,
				6E076E0416F568CB00A3C384 /* UIResponder+FirstResponder.m */,
				6E076E0516F568CB00A3C384 /* UIView+MGEasyFrame.h */,
				6E076E0616F568CB00A3C384 /* UIView+MGEasyFrame.m */,
			);
			path = Categories;
			sourceTree = "<group>";
		};
		6E0B250716F2B0B300317E65 /* External */ = {
			isa = PBXGroup;
			children = (
				6EE0BAA716FA96ED00134589 /* Intro View */,
				6E1161A816F7F14400EA43F5 /* KGStatusBar */,
				6E076DF916F568CB00A3C384 /* MGBox */,
				6E72800B16E7B4B100267360 /* TableView */,
				6E9BB87916EFD37100C2E05A /* Refresh Control */,
			);
			name = External;
			sourceTree = "<group>";
		};
		6E1161A816F7F14400EA43F5 /* KGStatusBar */ = {
			isa = PBXGroup;
			children = (
				6E1161A916F7F14400EA43F5 /* KGStatusBar.h */,
				6E1161AA16F7F14400EA43F5 /* KGStatusBar.m */,
			);
			path = KGStatusBar;
			sourceTree = "<group>";
		};
		6E1ACDBD16D5952500D9571A = {
			isa = PBXGroup;
			children = (
				6E1ACDCF16D5952500D9571A /* Floadt */,
				6EDB99D616DC585C000CA279 /* Resources */,
				6E1ACE0116D5952600D9571A /* FloadtTests */,
				6E1ACDC816D5952500D9571A /* Frameworks */,
				6E1ACDC716D5952500D9571A /* Products */,
			);
			sourceTree = "<group>";
		};
		6E1ACDC716D5952500D9571A /* Products */ = {
			isa = PBXGroup;
			children = (
				6E1ACDC616D5952500D9571A /* Floadt.app */,
				6E1ACDFA16D5952600D9571A /* FloadtTests.octest */,
			);
			name = Products;
			sourceTree = "<group>";
		};
		6E1ACDC816D5952500D9571A /* Frameworks */ = {
			isa = PBXGroup;
			children = (
				6E2F52DA16FA93480058A41D /* libz.dylib */,
				6E076E3516F5694000A3C384 /* CoreText.framework */,
				6E4DB23C16F00EEE0060A784 /* CoreTelephony.framework */,
				6E4DB23A16F00EC10060A784 /* KiipSDK.framework */,
				6E4DB23816F00EB70060A784 /* KiipSDKResources.bundle */,
				6EBAE08E16DD9B0900658511 /* Accounts.framework */,
				6EBAE08F16DD9B0900658511 /* AdSupport.framework */,
				6EBAE09016DD9B0900658511 /* AudioToolbox.framework */,
				6EBAE09116DD9B0900658511 /* CFNetwork.framework */,
				6EBAE09216DD9B0900658511 /* CoreLocation.framework */,
				6EBAE09316DD9B0900658511 /* libsqlite3.dylib */,
				6EBAE09416DD9B0900658511 /* libz.1.1.3.dylib */,
				6EBAE09516DD9B0900658511 /* MobileCoreServices.framework */,
				6EBAE09616DD9B0900658511 /* QuartzCore.framework */,
				6EBAE09716DD9B0900658511 /* Security.framework */,
				6EBAE09816DD9B0900658511 /* Social.framework */,
				6EBAE09916DD9B0900658511 /* StoreKit.framework */,
				6EBAE09A16DD9B0900658511 /* SystemConfiguration.framework */,
				6EBAE08C16DD9AA200658511 /* Parse.framework */,
				6E1ACDC916D5952500D9571A /* UIKit.framework */,
				6E1ACDCB16D5952500D9571A /* Foundation.framework */,
				6E1ACDCD16D5952500D9571A /* CoreGraphics.framework */,
				6E1ACDFB16D5952600D9571A /* SenTestingKit.framework */,
			);
			name = Frameworks;
			sourceTree = "<group>";
		};
		6E1ACDCF16D5952500D9571A /* Floadt */ = {
			isa = PBXGroup;
			children = (
				6E3B97DD16ED6FCC00D74F45 /* Essential */,
				6E3B97EC16ED778400D74F45 /* UIView */,
				6E3B97DC16ED6F8400D74F45 /* ViewControllers */,
				6E1ACDD016D5952500D9571A /* Supporting Files */,
			);
			path = Floadt;
			sourceTree = "<group>";
		};
		6E1ACDD016D5952500D9571A /* Supporting Files */ = {
			isa = PBXGroup;
			children = (
				6E0B250716F2B0B300317E65 /* External */,
				6E1ACDD116D5952500D9571A /* Floadt-Info.plist */,
				6E1ACDD516D5952500D9571A /* main.m */,
				6E1ACDD716D5952500D9571A /* Floadt-Prefix.pch */,
			);
			name = "Supporting Files";
			sourceTree = "<group>";
		};
		6E1ACE0116D5952600D9571A /* FloadtTests */ = {
			isa = PBXGroup;
			children = (
				6E1ACE0716D5952600D9571A /* FloadtTests.h */,
				6E1ACE0816D5952600D9571A /* FloadtTests.m */,
				6E1ACE0216D5952600D9571A /* Supporting Files */,
			);
			path = FloadtTests;
			sourceTree = "<group>";
		};
		6E1ACE0216D5952600D9571A /* Supporting Files */ = {
			isa = PBXGroup;
			children = (
				6E1ACE0316D5952600D9571A /* FloadtTests-Info.plist */,
				6E1ACE0416D5952600D9571A /* InfoPlist.strings */,
			);
			name = "Supporting Files";
			sourceTree = "<group>";
		};
		6E3B97DC16ED6F8400D74F45 /* ViewControllers */ = {
			isa = PBXGroup;
			children = (
				6E11977316F91B1000CE0EB3 /* DashboardViewController.h */,
				6E11977416F91B1000CE0EB3 /* DashboardViewController.m */,
				6E0B250C16F2B15900317E65 /* MeViewController.h */,
				6E0B250D16F2B15900317E65 /* MeViewController.m */,
				6E9BB89916EFDE3400C2E05A /* PingViewController.h */,
				6E9BB89A16EFDE3400C2E05A /* PingViewController.m */,
				6EAD6B0A16E4113B0016C8E5 /* SettingsViewController.h */,
				6EAD6B0B16E4113B0016C8E5 /* SettingsViewController.m */,
				6EE67DBF16EF71FD00A01B1F /* TableViewController.h */,
				6EE67DC016EF71FD00A01B1F /* TableViewController.m */,
				6EA810E416E2AF49009B1D87 /* TestLoginViewController.h */,
				6EA810E516E2AF49009B1D87 /* TestLoginViewController.m */,
			);
			name = ViewControllers;
			sourceTree = "<group>";
		};
		6E3B97DD16ED6FCC00D74F45 /* Essential */ = {
			isa = PBXGroup;
			children = (
				6E1ACDD816D5952500D9571A /* AppDelegate.h */,
				6E1ACDD916D5952500D9571A /* AppDelegate.m */,
				6E1ACDE116D5952500D9571A /* MainStoryboard_iPhone.storyboard */,
			);
			name = Essential;
			sourceTree = "<group>";
		};
		6E3B97EC16ED778400D74F45 /* UIView */ = {
			isa = PBXGroup;
			children = (
				6E11975F16F916A800CE0EB3 /* PhotoBox.h */,
				6E11976016F916A800CE0EB3 /* PhotoBox.m */,
			);
			name = UIView;
			sourceTree = "<group>";
		};
		6E72800B16E7B4B100267360 /* TableView */ = {
			isa = PBXGroup;
			children = (
				6E076DF516F5622600A3C384 /* TTUITableViewZoomController.h */,
				6E076DF616F5622600A3C384 /* TTUITableViewZoomController.m */,
				6EE67DB616EF712500A01B1F /* HHDirectionPanGestureRecognizer.h */,
				6EE67DB716EF712500A01B1F /* HHDirectionPanGestureRecognizer.m */,
				6EE67DB816EF712500A01B1F /* HHInnerShadowView.h */,
				6EE67DB916EF712500A01B1F /* HHInnerShadowView.m */,
				6EE67DBA16EF712500A01B1F /* HHPanningTableViewCell.h */,
				6EE67DBB16EF712500A01B1F /* HHPanningTableViewCell.m */,
			);
			name = TableView;
			sourceTree = "<group>";
		};
		6E9BB87916EFD37100C2E05A /* Refresh Control */ = {
			isa = PBXGroup;
			children = (
				6E9BB89416EFD3D800C2E05A /* Images */,
				6E9BB87A16EFD3A200C2E05A /* ISGumView.h */,
				6E9BB87B16EFD3A200C2E05A /* ISGumView.m */,
				6E9BB87C16EFD3A200C2E05A /* ISRefreshControl.h */,
				6E9BB87D16EFD3A200C2E05A /* ISRefreshControl.m */,
				6E9BB87E16EFD3A200C2E05A /* UIActivityIndicatorView+ScaleAnimation.h */,
				6E9BB87F16EFD3A200C2E05A /* UIActivityIndicatorView+ScaleAnimation.m */,
				6E9BB88016EFD3A200C2E05A /* UITableViewController+RefreshControl.h */,
				6E9BB88116EFD3A200C2E05A /* UITableViewController+RefreshControl.m */,
				6E9BB88216EFD3A200C2E05A /* ISUtility.h */,
				6E9BB88316EFD3A200C2E05A /* ISUtility.m */,
			);
			name = "Refresh Control";
			sourceTree = "<group>";
		};
		6E9BB89416EFD3D800C2E05A /* Images */ = {
			isa = PBXGroup;
			children = (
				6E9BB88E16EFD3D200C2E05A /* ISRefresgControlIcon.png */,
				6E9BB88F16EFD3D200C2E05A /* ISRefresgControlIcon@2x.png */,
			);
			name = Images;
			sourceTree = "<group>";
		};
		6EBAE08816DD99F000658511 /* Retina */ = {
			isa = PBXGroup;
			children = (
				6EAD6B1316E415150016C8E5 /* close_sIMG@2x.png */,
				6EAD6B1416E415150016C8E5 /* close_usIMG@2x.png */,
				6EDB99F316DC585C000CA279 /* comment_sIMG@2x.png */,
				6EDB99F416DC585C000CA279 /* comment_usIMG@2x.png */,
				6EDB99F516DC585C000CA279 /* message_sIMG@2x.png */,
				6EDB99F616DC585C000CA279 /* message_usIMG@2x.png */,
				6EDB99F716DC585C000CA279 /* pen_sIMG@2x.png */,
				6EDB99F816DC585C000CA279 /* pen_usIMG@2x.png */,
				6EDB99F916DC585C000CA279 /* star_sIMG@2x.png */,
				6EDB99FA16DC585C000CA279 /* star_usIMG@2x.png */,
			);
			name = Retina;
			path = Regular;
			sourceTree = "<group>";
		};
		6EDB99D616DC585C000CA279 /* Resources */ = {
			isa = PBXGroup;
			children = (
				6EE0BAB016FA971300134589 /* SampleImage1.png */,
				6EE0BAB116FA971300134589 /* SampleImage2.png */,
				6EE0BAB216FA971300134589 /* SampleHeaderImage.png */,
				6EE0BAB316FA971300134589 /* SampleBackground.png */,
				6EDB99D716DC585C000CA279 /* Custom */,
				6EDB99E816DC585C000CA279 /* TabBar */,
				6EDB99FB16DC585C000CA279 /* UIKit */,
			);
			name = Resources;
			path = Floadt/Resources;
			sourceTree = "<group>";
		};
		6EDB99D716DC585C000CA279 /* Custom */ = {
			isa = PBXGroup;
			children = (
				6E11976716F916C200CE0EB3 /* arrow.png */,
				6E11976816F916C200CE0EB3 /* arrow@2x.png */,
				6E11976916F916C200CE0EB3 /* add.png */,
				6E11976A16F916C200CE0EB3 /* add@2x.png */,
				6EDB99D816DC585C000CA279 /* Regular */,
				6EDB99DE16DC585C000CA279 /* Retina */,
			);
			path = Custom;
			sourceTree = "<group>";
		};
		6EDB99D816DC585C000CA279 /* Regular */ = {
			isa = PBXGroup;
			children = (
				6E1ACDDB16D5952500D9571A /* Default.png */,
				6EDB99D916DC585C000CA279 /* floadtLogo.png */,
				6EDB99DA16DC585C000CA279 /* navigationBar.png */,
				6EDB99DB16DC585C000CA279 /* standButton.png */,
				6EDB99DC16DC585C000CA279 /* tabBarBg-icns.png */,
				6EDB99DD16DC585C000CA279 /* tabBarBg-selc.png */,
			);
			path = Regular;
			sourceTree = "<group>";
		};
		6EDB99DE16DC585C000CA279 /* Retina */ = {
			isa = PBXGroup;
			children = (
				6E1ACDDF16D5952500D9571A /* Default-568h@2x.png */,
				6E1ACDDD16D5952500D9571A /* Default@2x.png */,
				6EDB99DF16DC585C000CA279 /* floadtLogo@2x.png */,
				6EDB99E016DC585C000CA279 /* navigationBar@2x.png */,
				6EDB99E116DC585C000CA279 /* standButton@2x.png */,
				6EDB99E216DC585C000CA279 /* tabBarBg-icns@2x.png */,
				6EDB99E316DC585C000CA279 /* tabBarBg-selc@2x.png */,
			);
			path = Retina;
			sourceTree = "<group>";
		};
		6EDB99E816DC585C000CA279 /* TabBar */ = {
			isa = PBXGroup;
			children = (
				6EBAE08816DD99F000658511 /* Retina */,
				6EDB99E916DC585C000CA279 /* Regular */,
			);
			path = TabBar;
			sourceTree = "<group>";
		};
		6EDB99E916DC585C000CA279 /* Regular */ = {
			isa = PBXGroup;
			children = (
				6EAD6B0F16E415000016C8E5 /* close_sIMG.png */,
				6EAD6B1016E415000016C8E5 /* close_usIMG.png */,
				6EDB99EA16DC585C000CA279 /* comment_sIMG.png */,
				6EDB99EB16DC585C000CA279 /* comment_usIMG.png */,
				6EDB99EC16DC585C000CA279 /* message_sIMG.png */,
				6EDB99ED16DC585C000CA279 /* message_usIMG.png */,
				6EDB99EE16DC585C000CA279 /* pen_sIMG.png */,
				6EDB99EF16DC585C000CA279 /* pen_usIMG.png */,
				6EDB99F016DC585C000CA279 /* star_sIMG.png */,
				6EDB99F116DC585C000CA279 /* star_usIMG.png */,
			);
			path = Regular;
			sourceTree = "<group>";
		};
		6EDB99FB16DC585C000CA279 /* UIKit */ = {
			isa = PBXGroup;
			children = (
				6EDB99FC16DC585C000CA279 /* Regular */,
				6EDB9A0116DC585C000CA279 /* Retina */,
			);
			path = UIKit;
			sourceTree = "<group>";
		};
		6EDB99FC16DC585C000CA279 /* Regular */ = {
			isa = PBXGroup;
			children = (
				6EDB99FD16DC585C000CA279 /* backButton.png */,
				6EDB99FE16DC585C000CA279 /* backButton_s.png */,
				6EDB99FF16DC585C000CA279 /* settingsButton.png */,
				6EDB9A0016DC585C000CA279 /* settingsButton_s.png */,
			);
			path = Regular;
			sourceTree = "<group>";
		};
		6EDB9A0116DC585C000CA279 /* Retina */ = {
			isa = PBXGroup;
			children = (
				6EDB9A0216DC585C000CA279 /* backButton@2x.png */,
				6EDB9A0316DC585C000CA279 /* backButton_s@2x.png */,
				6EDB9A0416DC585C000CA279 /* settingsButton@2x.png */,
				6EDB9A0516DC585C000CA279 /* settingsButton_s@2x.png */,
			);
			path = Retina;
			sourceTree = "<group>";
		};
		6EE0BAA716FA96ED00134589 /* Intro View */ = {
			isa = PBXGroup;
			children = (
				6EE0BAA816FA96FC00134589 /* MYIntroductionView.h */,
				6EE0BAA916FA96FC00134589 /* MYIntroductionView.m */,
				6EE0BAAA16FA96FC00134589 /* MYIntroductionPanel.h */,
				6EE0BAAB16FA96FC00134589 /* MYIntroductionPanel.m */,
			);
			name = "Intro View";
			sourceTree = "<group>";
		};
/* End PBXGroup section */

/* Begin PBXNativeTarget section */
		6E1ACDC516D5952500D9571A /* Floadt */ = {
			isa = PBXNativeTarget;
			buildConfigurationList = 6E1ACE0C16D5952600D9571A /* Build configuration list for PBXNativeTarget "Floadt" */;
			buildPhases = (
				6E1ACDC216D5952500D9571A /* Sources */,
				6E1ACDC316D5952500D9571A /* Frameworks */,
				6E1ACDC416D5952500D9571A /* Resources */,
			);
			buildRules = (
			);
			dependencies = (
			);
			name = Floadt;
			productName = Floadt;
			productReference = 6E1ACDC616D5952500D9571A /* Floadt.app */;
			productType = "com.apple.product-type.application";
		};
		6E1ACDF916D5952600D9571A /* FloadtTests */ = {
			isa = PBXNativeTarget;
			buildConfigurationList = 6E1ACE0F16D5952600D9571A /* Build configuration list for PBXNativeTarget "FloadtTests" */;
			buildPhases = (
				6E1ACDF516D5952600D9571A /* Sources */,
				6E1ACDF616D5952600D9571A /* Frameworks */,
				6E1ACDF716D5952600D9571A /* Resources */,
				6E1ACDF816D5952600D9571A /* ShellScript */,
			);
			buildRules = (
			);
			dependencies = (
				6E1ACE0016D5952600D9571A /* PBXTargetDependency */,
			);
			name = FloadtTests;
			productName = FloadtTests;
			productReference = 6E1ACDFA16D5952600D9571A /* FloadtTests.octest */;
			productType = "com.apple.product-type.bundle";
		};
/* End PBXNativeTarget section */

/* Begin PBXProject section */
		6E1ACDBE16D5952500D9571A /* Project object */ = {
			isa = PBXProject;
			attributes = {
				LastUpgradeCheck = 0460;
				ORGANIZATIONNAME = "Pradyumn Nukala";
			};
			buildConfigurationList = 6E1ACDC116D5952500D9571A /* Build configuration list for PBXProject "Floadt" */;
			compatibilityVersion = "Xcode 3.2";
			developmentRegion = English;
			hasScannedForEncodings = 0;
			knownRegions = (
				en,
			);
			mainGroup = 6E1ACDBD16D5952500D9571A;
			productRefGroup = 6E1ACDC716D5952500D9571A /* Products */;
			projectDirPath = "";
			projectRoot = "";
			targets = (
				6E1ACDC516D5952500D9571A /* Floadt */,
				6E1ACDF916D5952600D9571A /* FloadtTests */,
			);
		};
/* End PBXProject section */

/* Begin PBXResourcesBuildPhase section */
		6E1ACDC416D5952500D9571A /* Resources */ = {
			isa = PBXResourcesBuildPhase;
			buildActionMask = 2147483647;
			files = (
				6E1ACDDC16D5952500D9571A /* Default.png in Resources */,
				6E1ACDDE16D5952500D9571A /* Default@2x.png in Resources */,
				6E1ACDE016D5952500D9571A /* Default-568h@2x.png in Resources */,
				6E1ACDE316D5952500D9571A /* MainStoryboard_iPhone.storyboard in Resources */,
				6EDB9A0616DC585C000CA279 /* floadtLogo.png in Resources */,
				6EDB9A0716DC585C000CA279 /* navigationBar.png in Resources */,
				6EDB9A0816DC585C000CA279 /* standButton.png in Resources */,
				6EDB9A0916DC585C000CA279 /* tabBarBg-icns.png in Resources */,
				6EDB9A0A16DC585C000CA279 /* tabBarBg-selc.png in Resources */,
				6EDB9A0B16DC585C000CA279 /* floadtLogo@2x.png in Resources */,
				6EDB9A0C16DC585C000CA279 /* navigationBar@2x.png in Resources */,
				6EDB9A0D16DC585C000CA279 /* standButton@2x.png in Resources */,
				6EDB9A0E16DC585C000CA279 /* tabBarBg-icns@2x.png in Resources */,
				6EDB9A0F16DC585C000CA279 /* tabBarBg-selc@2x.png in Resources */,
				6EDB9A1416DC585C000CA279 /* comment_sIMG.png in Resources */,
				6EDB9A1516DC585C000CA279 /* comment_usIMG.png in Resources */,
				6EDB9A1616DC585C000CA279 /* message_sIMG.png in Resources */,
				6EDB9A1716DC585C000CA279 /* message_usIMG.png in Resources */,
				6EDB9A1816DC585C000CA279 /* pen_sIMG.png in Resources */,
				6EDB9A1916DC585C000CA279 /* pen_usIMG.png in Resources */,
				6EDB9A1A16DC585C000CA279 /* star_sIMG.png in Resources */,
				6EDB9A1B16DC585C000CA279 /* star_usIMG.png in Resources */,
				6EDB9A1C16DC585C000CA279 /* comment_sIMG@2x.png in Resources */,
				6EDB9A1D16DC585C000CA279 /* comment_usIMG@2x.png in Resources */,
				6EDB9A1E16DC585C000CA279 /* message_sIMG@2x.png in Resources */,
				6EDB9A1F16DC585C000CA279 /* message_usIMG@2x.png in Resources */,
				6EDB9A2016DC585C000CA279 /* pen_sIMG@2x.png in Resources */,
				6EDB9A2116DC585C000CA279 /* pen_usIMG@2x.png in Resources */,
				6EDB9A2216DC585C000CA279 /* star_sIMG@2x.png in Resources */,
				6EDB9A2316DC585C000CA279 /* star_usIMG@2x.png in Resources */,
				6EDB9A2416DC585C000CA279 /* backButton.png in Resources */,
				6EDB9A2516DC585C000CA279 /* backButton_s.png in Resources */,
				6EDB9A2616DC585C000CA279 /* settingsButton.png in Resources */,
				6EDB9A2716DC585C000CA279 /* settingsButton_s.png in Resources */,
				6EDB9A2816DC585C000CA279 /* backButton@2x.png in Resources */,
				6EDB9A2916DC585C000CA279 /* backButton_s@2x.png in Resources */,
				6EDB9A2A16DC585C000CA279 /* settingsButton@2x.png in Resources */,
				6EDB9A2B16DC585C000CA279 /* settingsButton_s@2x.png in Resources */,
				6EAD6B1116E415000016C8E5 /* close_sIMG.png in Resources */,
				6EAD6B1216E415000016C8E5 /* close_usIMG.png in Resources */,
				6EAD6B1516E415150016C8E5 /* close_sIMG@2x.png in Resources */,
				6EAD6B1616E415150016C8E5 /* close_usIMG@2x.png in Resources */,
				6E9BB89016EFD3D200C2E05A /* ISRefresgControlIcon.png in Resources */,
				6E9BB89216EFD3D200C2E05A /* ISRefresgControlIcon@2x.png in Resources */,
				6E4DB23916F00EB70060A784 /* KiipSDKResources.bundle in Resources */,
				6E11976B16F916C200CE0EB3 /* arrow.png in Resources */,
				6E11976D16F916C200CE0EB3 /* arrow@2x.png in Resources */,
				6E11976F16F916C200CE0EB3 /* add.png in Resources */,
				6E11977116F916C200CE0EB3 /* add@2x.png in Resources */,
				6EE0BAB416FA971300134589 /* SampleImage1.png in Resources */,
				6EE0BAB616FA971300134589 /* SampleImage2.png in Resources */,
				6EE0BAB816FA971300134589 /* SampleHeaderImage.png in Resources */,
				6EE0BABA16FA971300134589 /* SampleBackground.png in Resources */,
			);
			runOnlyForDeploymentPostprocessing = 0;
		};
		6E1ACDF716D5952600D9571A /* Resources */ = {
			isa = PBXResourcesBuildPhase;
			buildActionMask = 2147483647;
			files = (
				6E1ACE0616D5952600D9571A /* InfoPlist.strings in Resources */,
				6E9BB89116EFD3D200C2E05A /* ISRefresgControlIcon.png in Resources */,
				6E9BB89316EFD3D200C2E05A /* ISRefresgControlIcon@2x.png in Resources */,
				6E11976C16F916C200CE0EB3 /* arrow.png in Resources */,
				6E11976E16F916C200CE0EB3 /* arrow@2x.png in Resources */,
				6E11977016F916C200CE0EB3 /* add.png in Resources */,
				6E11977216F916C200CE0EB3 /* add@2x.png in Resources */,
				6EE0BAB516FA971300134589 /* SampleImage1.png in Resources */,
				6EE0BAB716FA971300134589 /* SampleImage2.png in Resources */,
				6EE0BAB916FA971300134589 /* SampleHeaderImage.png in Resources */,
				6EE0BABB16FA971300134589 /* SampleBackground.png in Resources */,
			);
			runOnlyForDeploymentPostprocessing = 0;
		};
/* End PBXResourcesBuildPhase section */

/* Begin PBXShellScriptBuildPhase section */
		6E1ACDF816D5952600D9571A /* ShellScript */ = {
			isa = PBXShellScriptBuildPhase;
			buildActionMask = 2147483647;
			files = (
			);
			inputPaths = (
			);
			outputPaths = (
			);
			runOnlyForDeploymentPostprocessing = 0;
			shellPath = /bin/sh;
			shellScript = "# Run the unit tests in this test bundle.\n\"${SYSTEM_DEVELOPER_DIR}/Tools/RunUnitTests\"\n";
		};
/* End PBXShellScriptBuildPhase section */

/* Begin PBXSourcesBuildPhase section */
		6E1ACDC216D5952500D9571A /* Sources */ = {
			isa = PBXSourcesBuildPhase;
			buildActionMask = 2147483647;
			files = (
				6E1ACDD616D5952500D9571A /* main.m in Sources */,
				6E1ACDDA16D5952500D9571A /* AppDelegate.m in Sources */,
				6EA810E716E2AF49009B1D87 /* TestLoginViewController.m in Sources */,
				6EAD6B0D16E4113B0016C8E5 /* SettingsViewController.m in Sources */,
				6ED90EAC16EF782C002BD615 /* TableViewController.m in Sources */,
				6ED90EAD16EF7836002BD615 /* HHDirectionPanGestureRecognizer.m in Sources */,
				6ED90EAE16EF7838002BD615 /* HHInnerShadowView.m in Sources */,
				6ED90EAF16EF783A002BD615 /* HHPanningTableViewCell.m in Sources */,
				6E9BB88416EFD3A200C2E05A /* ISGumView.m in Sources */,
				6E9BB88616EFD3A200C2E05A /* ISRefreshControl.m in Sources */,
				6E9BB88816EFD3A200C2E05A /* UIActivityIndicatorView+ScaleAnimation.m in Sources */,
				6E9BB88A16EFD3A200C2E05A /* UITableViewController+RefreshControl.m in Sources */,
				6E9BB88C16EFD3A200C2E05A /* ISUtility.m in Sources */,
				6E9BB89B16EFDE3400C2E05A /* PingViewController.m in Sources */,
				6E0B250E16F2B15900317E65 /* MeViewController.m in Sources */,
				6E076DF716F5622600A3C384 /* TTUITableViewZoomController.m in Sources */,
				6E076E1D16F568CB00A3C384 /* NSAttributedString+MGTrim.m in Sources */,
				6E076E1E16F568CB00A3C384 /* NSObject+MGEvents.m in Sources */,
				6E076E1F16F568CB00A3C384 /* UIColor+MGExpanded.m in Sources */,
				6E076E2016F568CB00A3C384 /* UIControl+MGEvents.m in Sources */,
				6E076E2116F568CB00A3C384 /* UIResponder+FirstResponder.m in Sources */,
				6E076E2216F568CB00A3C384 /* UIView+MGEasyFrame.m in Sources */,
				6E076E2316F568CB00A3C384 /* MGBlockWrapper.m in Sources */,
				6E076E2416F568CB00A3C384 /* MGBox.m in Sources */,
				6E076E2516F568CB00A3C384 /* MGButton.m in Sources */,
				6E076E2616F568CB00A3C384 /* MGLayoutManager.m in Sources */,
				6E076E2716F568CB00A3C384 /* MGLine.m in Sources */,
				6E076E2816F568CB00A3C384 /* MGLineStyled.m in Sources */,
				6E076E2916F568CB00A3C384 /* MGMushParser.m in Sources */,
				6E076E2A16F568CB00A3C384 /* MGScrollView.m in Sources */,
				6E076E2B16F568CB00A3C384 /* MGTableBox.m in Sources */,
				6E076E2C16F568CB00A3C384 /* MGTableBoxStyled.m in Sources */,
				6E1161AB16F7F14400EA43F5 /* KGStatusBar.m in Sources */,
				6E11976316F916A800CE0EB3 /* PhotoBox.m in Sources */,
				6E11977516F91B1000CE0EB3 /* DashboardViewController.m in Sources */,
				6EE0BAAC16FA96FC00134589 /* MYIntroductionView.m in Sources */,
				6EE0BAAE16FA96FC00134589 /* MYIntroductionPanel.m in Sources */,
			);
			runOnlyForDeploymentPostprocessing = 0;
		};
		6E1ACDF516D5952600D9571A /* Sources */ = {
			isa = PBXSourcesBuildPhase;
			buildActionMask = 2147483647;
			files = (
				6E1ACE0916D5952600D9571A /* FloadtTests.m in Sources */,
				6EE67DBC16EF712500A01B1F /* HHDirectionPanGestureRecognizer.m in Sources */,
				6EE67DBD16EF712500A01B1F /* HHInnerShadowView.m in Sources */,
				6EE67DBE16EF712500A01B1F /* HHPanningTableViewCell.m in Sources */,
				6EE67DC116EF71FD00A01B1F /* TableViewController.m in Sources */,
				6E9BB88516EFD3A200C2E05A /* ISGumView.m in Sources */,
				6E9BB88716EFD3A200C2E05A /* ISRefreshControl.m in Sources */,
				6E9BB88916EFD3A200C2E05A /* UIActivityIndicatorView+ScaleAnimation.m in Sources */,
				6E9BB88B16EFD3A200C2E05A /* UITableViewController+RefreshControl.m in Sources */,
				6E9BB88D16EFD3A200C2E05A /* ISUtility.m in Sources */,
				6E076DF816F5622600A3C384 /* TTUITableViewZoomController.m in Sources */,
				6E11976416F916A800CE0EB3 /* PhotoBox.m in Sources */,
				6E11977616F91B1000CE0EB3 /* DashboardViewController.m in Sources */,
				6EE0BAAD16FA96FC00134589 /* MYIntroductionView.m in Sources */,
				6EE0BAAF16FA96FC00134589 /* MYIntroductionPanel.m in Sources */,
			);
			runOnlyForDeploymentPostprocessing = 0;
		};
/* End PBXSourcesBuildPhase section */

/* Begin PBXTargetDependency section */
		6E1ACE0016D5952600D9571A /* PBXTargetDependency */ = {
			isa = PBXTargetDependency;
			target = 6E1ACDC516D5952500D9571A /* Floadt */;
			targetProxy = 6E1ACDFF16D5952600D9571A /* PBXContainerItemProxy */;
		};
/* End PBXTargetDependency section */

/* Begin PBXVariantGroup section */
		6E1ACDE116D5952500D9571A /* MainStoryboard_iPhone.storyboard */ = {
			isa = PBXVariantGroup;
			children = (
				6E1ACDE216D5952500D9571A /* en */,
			);
			name = MainStoryboard_iPhone.storyboard;
			sourceTree = "<group>";
		};
		6E1ACE0416D5952600D9571A /* InfoPlist.strings */ = {
			isa = PBXVariantGroup;
			children = (
				6E1ACE0516D5952600D9571A /* en */,
			);
			name = InfoPlist.strings;
			sourceTree = "<group>";
		};
/* End PBXVariantGroup section */

/* Begin XCBuildConfiguration section */
		6E1ACE0A16D5952600D9571A /* Debug */ = {
			isa = XCBuildConfiguration;
			buildSettings = {
				ALWAYS_SEARCH_USER_PATHS = NO;
				CLANG_CXX_LANGUAGE_STANDARD = "gnu++0x";
				CLANG_CXX_LIBRARY = "libc++";
				CLANG_ENABLE_OBJC_ARC = YES;
				CLANG_WARN_CONSTANT_CONVERSION = YES;
				CLANG_WARN_EMPTY_BODY = YES;
				CLANG_WARN_ENUM_CONVERSION = YES;
				CLANG_WARN_INT_CONVERSION = YES;
				CLANG_WARN__DUPLICATE_METHOD_MATCH = YES;
				"CODE_SIGN_IDENTITY[sdk=iphoneos*]" = "iPhone Developer";
				COPY_PHASE_STRIP = NO;
				GCC_C_LANGUAGE_STANDARD = gnu99;
				GCC_DYNAMIC_NO_PIC = NO;
				GCC_OPTIMIZATION_LEVEL = 0;
				GCC_PREPROCESSOR_DEFINITIONS = (
					"DEBUG=1",
					"$(inherited)",
				);
				GCC_SYMBOLS_PRIVATE_EXTERN = NO;
				GCC_WARN_ABOUT_RETURN_TYPE = YES;
				GCC_WARN_UNINITIALIZED_AUTOS = YES;
				GCC_WARN_UNUSED_VARIABLE = YES;
				IPHONEOS_DEPLOYMENT_TARGET = 6.1;
				ONLY_ACTIVE_ARCH = YES;
				SDKROOT = iphoneos;
				TARGETED_DEVICE_FAMILY = "1,2";
			};
			name = Debug;
		};
		6E1ACE0B16D5952600D9571A /* Release */ = {
			isa = XCBuildConfiguration;
			buildSettings = {
				ALWAYS_SEARCH_USER_PATHS = NO;
				CLANG_CXX_LANGUAGE_STANDARD = "gnu++0x";
				CLANG_CXX_LIBRARY = "libc++";
				CLANG_ENABLE_OBJC_ARC = YES;
				CLANG_WARN_CONSTANT_CONVERSION = YES;
				CLANG_WARN_EMPTY_BODY = YES;
				CLANG_WARN_ENUM_CONVERSION = YES;
				CLANG_WARN_INT_CONVERSION = YES;
				CLANG_WARN__DUPLICATE_METHOD_MATCH = YES;
				"CODE_SIGN_IDENTITY[sdk=iphoneos*]" = "iPhone Developer";
				COPY_PHASE_STRIP = YES;
				GCC_C_LANGUAGE_STANDARD = gnu99;
				GCC_WARN_ABOUT_RETURN_TYPE = YES;
				GCC_WARN_UNINITIALIZED_AUTOS = YES;
				GCC_WARN_UNUSED_VARIABLE = YES;
				IPHONEOS_DEPLOYMENT_TARGET = 6.1;
				OTHER_CFLAGS = "-DNS_BLOCK_ASSERTIONS=1";
				SDKROOT = iphoneos;
				TARGETED_DEVICE_FAMILY = "1,2";
				VALIDATE_PRODUCT = YES;
			};
			name = Release;
		};
		6E1ACE0D16D5952600D9571A /* Debug */ = {
			isa = XCBuildConfiguration;
			buildSettings = {
				FRAMEWORK_SEARCH_PATHS = (
					"$(inherited)",
					"\"$(SRCROOT)\"",
				);
				GCC_PRECOMPILE_PREFIX_HEADER = YES;
				GCC_PREFIX_HEADER = "Floadt/Floadt-Prefix.pch";
				INFOPLIST_FILE = "Floadt/Floadt-Info.plist";
				PRODUCT_NAME = "$(TARGET_NAME)";
				WRAPPER_EXTENSION = app;
			};
			name = Debug;
		};
		6E1ACE0E16D5952600D9571A /* Release */ = {
			isa = XCBuildConfiguration;
			buildSettings = {
				FRAMEWORK_SEARCH_PATHS = (
					"$(inherited)",
					"\"$(SRCROOT)\"",
				);
				GCC_PRECOMPILE_PREFIX_HEADER = YES;
				GCC_PREFIX_HEADER = "Floadt/Floadt-Prefix.pch";
				INFOPLIST_FILE = "Floadt/Floadt-Info.plist";
				PRODUCT_NAME = "$(TARGET_NAME)";
				WRAPPER_EXTENSION = app;
			};
			name = Release;
		};
		6E1ACE1016D5952600D9571A /* Debug */ = {
			isa = XCBuildConfiguration;
			buildSettings = {
				BUNDLE_LOADER = "$(BUILT_PRODUCTS_DIR)/Floadt.app/Floadt";
				FRAMEWORK_SEARCH_PATHS = (
					"\"$(SDKROOT)/Developer/Library/Frameworks\"",
					"\"$(DEVELOPER_LIBRARY_DIR)/Frameworks\"",
				);
				GCC_PRECOMPILE_PREFIX_HEADER = YES;
				GCC_PREFIX_HEADER = "Floadt/Floadt-Prefix.pch";
				INFOPLIST_FILE = "FloadtTests/FloadtTests-Info.plist";
				PRODUCT_NAME = "$(TARGET_NAME)";
				TEST_HOST = "$(BUNDLE_LOADER)";
				WRAPPER_EXTENSION = octest;
			};
			name = Debug;
		};
		6E1ACE1116D5952600D9571A /* Release */ = {
			isa = XCBuildConfiguration;
			buildSettings = {
				BUNDLE_LOADER = "$(BUILT_PRODUCTS_DIR)/Floadt.app/Floadt";
				FRAMEWORK_SEARCH_PATHS = (
					"\"$(SDKROOT)/Developer/Library/Frameworks\"",
					"\"$(DEVELOPER_LIBRARY_DIR)/Frameworks\"",
				);
				GCC_PRECOMPILE_PREFIX_HEADER = YES;
				GCC_PREFIX_HEADER = "Floadt/Floadt-Prefix.pch";
				INFOPLIST_FILE = "FloadtTests/FloadtTests-Info.plist";
				PRODUCT_NAME = "$(TARGET_NAME)";
				TEST_HOST = "$(BUNDLE_LOADER)";
				WRAPPER_EXTENSION = octest;
			};
			name = Release;
		};
/* End XCBuildConfiguration section */

/* Begin XCConfigurationList section */
		6E1ACDC116D5952500D9571A /* Build configuration list for PBXProject "Floadt" */ = {
			isa = XCConfigurationList;
			buildConfigurations = (
				6E1ACE0A16D5952600D9571A /* Debug */,
				6E1ACE0B16D5952600D9571A /* Release */,
			);
			defaultConfigurationIsVisible = 0;
			defaultConfigurationName = Release;
		};
		6E1ACE0C16D5952600D9571A /* Build configuration list for PBXNativeTarget "Floadt" */ = {
			isa = XCConfigurationList;
			buildConfigurations = (
				6E1ACE0D16D5952600D9571A /* Debug */,
				6E1ACE0E16D5952600D9571A /* Release */,
			);
			defaultConfigurationIsVisible = 0;
			defaultConfigurationName = Release;
		};
		6E1ACE0F16D5952600D9571A /* Build configuration list for PBXNativeTarget "FloadtTests" */ = {
			isa = XCConfigurationList;
			buildConfigurations = (
				6E1ACE1016D5952600D9571A /* Debug */,
				6E1ACE1116D5952600D9571A /* Release */,
			);
			defaultConfigurationIsVisible = 0;
			defaultConfigurationName = Release;
		};
/* End XCConfigurationList section */
	};
	rootObject = 6E1ACDBE16D5952500D9571A /* Project object */;
}
