// !$*UTF8*$!
{
	archiveVersion = 1;
	classes = {
	};
	objectVersion = 46;
	objects = {

/* Begin PBXBuildFile section */
		6E0D5FA017A0B69200389771 /* iPhone.storyboard in Resources */ = {isa = PBXBuildFile; fileRef = 6E0D5F9D17A0B69100389771 /* iPhone.storyboard */; };
		6E0D5FA117A0B69200389771 /* iPhone.storyboard in Resources */ = {isa = PBXBuildFile; fileRef = 6E0D5F9D17A0B69100389771 /* iPhone.storyboard */; };
		6E0D5FA617A0BB6800389771 /* StreamViewController.m in Sources */ = {isa = PBXBuildFile; fileRef = 6E0D5FA517A0BB6800389771 /* StreamViewController.m */; };
		6E20DD7A170295BD00EE64A0 /* CoreTelephony.framework in Frameworks */ = {isa = PBXBuildFile; fileRef = 6E20DD79170295BD00EE64A0 /* CoreTelephony.framework */; };
		6E26F21E170148F8009489A8 /* UIKit.framework in Frameworks */ = {isa = PBXBuildFile; fileRef = 6E26F21D170148F8009489A8 /* UIKit.framework */; };
		6E26F220170148F8009489A8 /* Foundation.framework in Frameworks */ = {isa = PBXBuildFile; fileRef = 6E26F21F170148F8009489A8 /* Foundation.framework */; };
		6E26F222170148F8009489A8 /* CoreGraphics.framework in Frameworks */ = {isa = PBXBuildFile; fileRef = 6E26F221170148F8009489A8 /* CoreGraphics.framework */; };
		6E26F228170148F8009489A8 /* InfoPlist.strings in Resources */ = {isa = PBXBuildFile; fileRef = 6E26F226170148F8009489A8 /* InfoPlist.strings */; };
		6E26F22A170148F8009489A8 /* main.m in Sources */ = {isa = PBXBuildFile; fileRef = 6E26F229170148F8009489A8 /* main.m */; };
		6E26F22E170148F8009489A8 /* AppDelegate.m in Sources */ = {isa = PBXBuildFile; fileRef = 6E26F22D170148F8009489A8 /* AppDelegate.m */; };
		6E26F245170148F9009489A8 /* SenTestingKit.framework in Frameworks */ = {isa = PBXBuildFile; fileRef = 6E26F244170148F9009489A8 /* SenTestingKit.framework */; };
		6E26F246170148F9009489A8 /* UIKit.framework in Frameworks */ = {isa = PBXBuildFile; fileRef = 6E26F21D170148F8009489A8 /* UIKit.framework */; };
		6E26F247170148F9009489A8 /* Foundation.framework in Frameworks */ = {isa = PBXBuildFile; fileRef = 6E26F21F170148F8009489A8 /* Foundation.framework */; };
		6E26F24F170148F9009489A8 /* InfoPlist.strings in Resources */ = {isa = PBXBuildFile; fileRef = 6E26F24D170148F9009489A8 /* InfoPlist.strings */; };
		6E26F252170148F9009489A8 /* FloadtTests.m in Sources */ = {isa = PBXBuildFile; fileRef = 6E26F251170148F9009489A8 /* FloadtTests.m */; };
		6E2B118E1716121900FA23CB /* JSFlatButton.m in Sources */ = {isa = PBXBuildFile; fileRef = 6E2B11891716121900FA23CB /* JSFlatButton.m */; };
		6E2B118F1716121900FA23CB /* UIColor+JSFlatButton.m in Sources */ = {isa = PBXBuildFile; fileRef = 6E2B118B1716121900FA23CB /* UIColor+JSFlatButton.m */; };
		6E2B11901716121900FA23CB /* UIImage+JSFlatButton.m in Sources */ = {isa = PBXBuildFile; fileRef = 6E2B118D1716121900FA23CB /* UIImage+JSFlatButton.m */; };
		6E2B11931716122A00FA23CB /* FacebookSDK.framework in Frameworks */ = {isa = PBXBuildFile; fileRef = 6E2B11911716122A00FA23CB /* FacebookSDK.framework */; };
		6E2B11941716122A00FA23CB /* FacebookSDKResources.bundle in Resources */ = {isa = PBXBuildFile; fileRef = 6E2B11921716122A00FA23CB /* FacebookSDKResources.bundle */; };
		6E3C17461708CD790025D038 /* JASidePanelController.m in Sources */ = {isa = PBXBuildFile; fileRef = 6E3C16EC1708CD790025D038 /* JASidePanelController.m */; };
		6E3C17471708CD790025D038 /* JASidePanelController.m in Sources */ = {isa = PBXBuildFile; fileRef = 6E3C16EC1708CD790025D038 /* JASidePanelController.m */; };
		6E3C17481708CD790025D038 /* UIViewController+JASidePanel.m in Sources */ = {isa = PBXBuildFile; fileRef = 6E3C16EE1708CD790025D038 /* UIViewController+JASidePanel.m */; };
		6E3C17491708CD790025D038 /* UIViewController+JASidePanel.m in Sources */ = {isa = PBXBuildFile; fileRef = 6E3C16EE1708CD790025D038 /* UIViewController+JASidePanel.m */; };
		6E3C176A1708CD790025D038 /* WTStatusBar.m in Sources */ = {isa = PBXBuildFile; fileRef = 6E3C17151708CD790025D038 /* WTStatusBar.m */; };
		6E3C176B1708CD790025D038 /* WTStatusBar.m in Sources */ = {isa = PBXBuildFile; fileRef = 6E3C17151708CD790025D038 /* WTStatusBar.m */; };
		6E3C176C1708CD790025D038 /* WTStatusView.m in Sources */ = {isa = PBXBuildFile; fileRef = 6E3C17171708CD790025D038 /* WTStatusView.m */; };
		6E3C176D1708CD790025D038 /* WTStatusView.m in Sources */ = {isa = PBXBuildFile; fileRef = 6E3C17171708CD790025D038 /* WTStatusView.m */; };
		6E3C176E1708CD790025D038 /* WTStatusWindow.m in Sources */ = {isa = PBXBuildFile; fileRef = 6E3C17191708CD790025D038 /* WTStatusWindow.m */; };
		6E3C176F1708CD790025D038 /* WTStatusWindow.m in Sources */ = {isa = PBXBuildFile; fileRef = 6E3C17191708CD790025D038 /* WTStatusWindow.m */; };
		6E4437001709FDF900877BD0 /* AdSupport.framework in Frameworks */ = {isa = PBXBuildFile; fileRef = 6E4436FF1709FDF900877BD0 /* AdSupport.framework */; };
		6E4437031709FE2A00877BD0 /* Accounts.framework in Frameworks */ = {isa = PBXBuildFile; fileRef = 6E4437011709FE2A00877BD0 /* Accounts.framework */; };
		6E4437041709FE2A00877BD0 /* Social.framework in Frameworks */ = {isa = PBXBuildFile; fileRef = 6E4437021709FE2A00877BD0 /* Social.framework */; };
		6E4A6C3C1728AD6700A8CE3C /* ExternalAccessory.framework in Frameworks */ = {isa = PBXBuildFile; fileRef = 6E4A6C3B1728AD6700A8CE3C /* ExternalAccessory.framework */; };
		6E5620BE170600E6006EF5B8 /* key-blue.png in Resources */ = {isa = PBXBuildFile; fileRef = 6E562086170600E6006EF5B8 /* key-blue.png */; };
		6E5620BF170600E6006EF5B8 /* key-blue.png in Resources */ = {isa = PBXBuildFile; fileRef = 6E562086170600E6006EF5B8 /* key-blue.png */; };
		6E5620C0170600E6006EF5B8 /* key-blue@2x.png in Resources */ = {isa = PBXBuildFile; fileRef = 6E562087170600E6006EF5B8 /* key-blue@2x.png */; };
		6E5620C1170600E6006EF5B8 /* key-blue@2x.png in Resources */ = {isa = PBXBuildFile; fileRef = 6E562087170600E6006EF5B8 /* key-blue@2x.png */; };
		6E5620C2170600E6006EF5B8 /* key-pressed.png in Resources */ = {isa = PBXBuildFile; fileRef = 6E562088170600E6006EF5B8 /* key-pressed.png */; };
		6E5620C3170600E6006EF5B8 /* key-pressed.png in Resources */ = {isa = PBXBuildFile; fileRef = 6E562088170600E6006EF5B8 /* key-pressed.png */; };
		6E5620C4170600E6006EF5B8 /* key-pressed@2x.png in Resources */ = {isa = PBXBuildFile; fileRef = 6E562089170600E6006EF5B8 /* key-pressed@2x.png */; };
		6E5620C5170600E6006EF5B8 /* key-pressed@2x.png in Resources */ = {isa = PBXBuildFile; fileRef = 6E562089170600E6006EF5B8 /* key-pressed@2x.png */; };
		6E5620C6170600E6006EF5B8 /* key.png in Resources */ = {isa = PBXBuildFile; fileRef = 6E56208A170600E6006EF5B8 /* key.png */; };
		6E5620C7170600E6006EF5B8 /* key.png in Resources */ = {isa = PBXBuildFile; fileRef = 6E56208A170600E6006EF5B8 /* key.png */; };
		6E5620C8170600E6006EF5B8 /* key@2x.png in Resources */ = {isa = PBXBuildFile; fileRef = 6E56208B170600E6006EF5B8 /* key@2x.png */; };
		6E5620C9170600E6006EF5B8 /* key@2x.png in Resources */ = {isa = PBXBuildFile; fileRef = 6E56208B170600E6006EF5B8 /* key@2x.png */; };
		6E5620CA170600E6006EF5B8 /* keyboard.png in Resources */ = {isa = PBXBuildFile; fileRef = 6E56208C170600E6006EF5B8 /* keyboard.png */; };
		6E5620CB170600E6006EF5B8 /* keyboard.png in Resources */ = {isa = PBXBuildFile; fileRef = 6E56208C170600E6006EF5B8 /* keyboard.png */; };
		6E5620CC170600E6006EF5B8 /* DLIDEKeyboardView.m in Sources */ = {isa = PBXBuildFile; fileRef = 6E56208F170600E6006EF5B8 /* DLIDEKeyboardView.m */; };
		6E5620CD170600E6006EF5B8 /* DLIDEKeyboardView.m in Sources */ = {isa = PBXBuildFile; fileRef = 6E56208F170600E6006EF5B8 /* DLIDEKeyboardView.m */; };
		6E5620EE170600E6006EF5B8 /* RNBlurModalView.m in Sources */ = {isa = PBXBuildFile; fileRef = 6E5620B4170600E6006EF5B8 /* RNBlurModalView.m */; };
		6E5620EF170600E6006EF5B8 /* RNBlurModalView.m in Sources */ = {isa = PBXBuildFile; fileRef = 6E5620B4170600E6006EF5B8 /* RNBlurModalView.m */; };
		6E58E04C17026AFB00C160BF /* QuartzCore.framework in Frameworks */ = {isa = PBXBuildFile; fileRef = 6E58E04B17026AFB00C160BF /* QuartzCore.framework */; };
		6E58E05C17026E4200C160BF /* AudioToolbox.framework in Frameworks */ = {isa = PBXBuildFile; fileRef = 6E58E05417026E4200C160BF /* AudioToolbox.framework */; };
		6E58E05D17026E4200C160BF /* CFNetwork.framework in Frameworks */ = {isa = PBXBuildFile; fileRef = 6E58E05517026E4200C160BF /* CFNetwork.framework */; };
		6E58E05E17026E4200C160BF /* CoreLocation.framework in Frameworks */ = {isa = PBXBuildFile; fileRef = 6E58E05617026E4200C160BF /* CoreLocation.framework */; };
		6E58E05F17026E4200C160BF /* libz.1.1.3.dylib in Frameworks */ = {isa = PBXBuildFile; fileRef = 6E58E05717026E4200C160BF /* libz.1.1.3.dylib */; };
		6E58E06017026E4200C160BF /* MobileCoreServices.framework in Frameworks */ = {isa = PBXBuildFile; fileRef = 6E58E05817026E4200C160BF /* MobileCoreServices.framework */; };
		6E58E06117026E4200C160BF /* Security.framework in Frameworks */ = {isa = PBXBuildFile; fileRef = 6E58E05917026E4200C160BF /* Security.framework */; };
		6E58E06217026E4200C160BF /* StoreKit.framework in Frameworks */ = {isa = PBXBuildFile; fileRef = 6E58E05A17026E4200C160BF /* StoreKit.framework */; };
		6E58E06317026E4200C160BF /* SystemConfiguration.framework in Frameworks */ = {isa = PBXBuildFile; fileRef = 6E58E05B17026E4200C160BF /* SystemConfiguration.framework */; };
		6E58E0C217028A3100C160BF /* CoreText.framework in Frameworks */ = {isa = PBXBuildFile; fileRef = 6E58E0C117028A3100C160BF /* CoreText.framework */; };
		6E785B04179D940200A363D9 /* InstagramClient.m in Sources */ = {isa = PBXBuildFile; fileRef = 6E785B03179D940200A363D9 /* InstagramClient.m */; };
		6EA1EB871772ADAF0096F43A /* SSKeychain.m in Sources */ = {isa = PBXBuildFile; fileRef = 6EA1EB841772ADAF0096F43A /* SSKeychain.m */; };
		6EA1EB881772ADAF0096F43A /* SSKeychainQuery.m in Sources */ = {isa = PBXBuildFile; fileRef = 6EA1EB861772ADAF0096F43A /* SSKeychainQuery.m */; };
		6EA1EB8D1772ADB70096F43A /* SVProgressHUD.bundle in Resources */ = {isa = PBXBuildFile; fileRef = 6EA1EB8A1772ADB70096F43A /* SVProgressHUD.bundle */; };
		6EA1EB8E1772ADB70096F43A /* SVProgressHUD.m in Sources */ = {isa = PBXBuildFile; fileRef = 6EA1EB8C1772ADB70096F43A /* SVProgressHUD.m */; };
		6EA2D0F71704ED3F00BD46C0 /* CoreImage.framework in Frameworks */ = {isa = PBXBuildFile; fileRef = 6EA2D0F61704ED3F00BD46C0 /* CoreImage.framework */; };
		6EA2D0F91704ED4700BD46C0 /* Accelerate.framework in Frameworks */ = {isa = PBXBuildFile; fileRef = 6EA2D0F81704ED4700BD46C0 /* Accelerate.framework */; };
		6EA38D78179DDF04005FA063 /* ImageCell.m in Sources */ = {isa = PBXBuildFile; fileRef = 6EA38D77179DDF04005FA063 /* ImageCell.m */; };
		6EA38D79179DDF04005FA063 /* ImageCell.m in Sources */ = {isa = PBXBuildFile; fileRef = 6EA38D77179DDF04005FA063 /* ImageCell.m */; };
		6EB331EF177109DE0034E7E2 /* AFHTTPClient.m in Sources */ = {isa = PBXBuildFile; fileRef = 6EB331D4177109DE0034E7E2 /* AFHTTPClient.m */; };
		6EB331F0177109DE0034E7E2 /* AFHTTPRequestOperation.m in Sources */ = {isa = PBXBuildFile; fileRef = 6EB331D6177109DE0034E7E2 /* AFHTTPRequestOperation.m */; };
		6EB331F1177109DE0034E7E2 /* AFImageRequestOperation.m in Sources */ = {isa = PBXBuildFile; fileRef = 6EB331D8177109DE0034E7E2 /* AFImageRequestOperation.m */; };
		6EB331F2177109DE0034E7E2 /* AFJSONRequestOperation.m in Sources */ = {isa = PBXBuildFile; fileRef = 6EB331DA177109DE0034E7E2 /* AFJSONRequestOperation.m */; };
		6EB331F3177109DE0034E7E2 /* AFNetworkActivityIndicatorManager.m in Sources */ = {isa = PBXBuildFile; fileRef = 6EB331DC177109DE0034E7E2 /* AFNetworkActivityIndicatorManager.m */; };
		6EB331F4177109DE0034E7E2 /* AFOAuth1Client.m in Sources */ = {isa = PBXBuildFile; fileRef = 6EB331DF177109DE0034E7E2 /* AFOAuth1Client.m */; };
		6EB331F5177109DE0034E7E2 /* AFOAuth2Client.m in Sources */ = {isa = PBXBuildFile; fileRef = 6EB331E1177109DE0034E7E2 /* AFOAuth2Client.m */; };
		6EB331F6177109DE0034E7E2 /* AFPropertyListRequestOperation.m in Sources */ = {isa = PBXBuildFile; fileRef = 6EB331E3177109DE0034E7E2 /* AFPropertyListRequestOperation.m */; };
		6EB331F7177109DE0034E7E2 /* AFURLConnectionOperation.m in Sources */ = {isa = PBXBuildFile; fileRef = 6EB331E5177109DE0034E7E2 /* AFURLConnectionOperation.m */; };
		6EB331F8177109DE0034E7E2 /* AFXMLRequestOperation.m in Sources */ = {isa = PBXBuildFile; fileRef = 6EB331E7177109DE0034E7E2 /* AFXMLRequestOperation.m */; };
		6EB331F9177109DE0034E7E2 /* UIImageView+AFNetworking.m in Sources */ = {isa = PBXBuildFile; fileRef = 6EB331E9177109DE0034E7E2 /* UIImageView+AFNetworking.m */; };
		6EB331FA177109DE0034E7E2 /* AwesomeMenu.m in Sources */ = {isa = PBXBuildFile; fileRef = 6EB331EC177109DE0034E7E2 /* AwesomeMenu.m */; };
		6EB331FB177109DE0034E7E2 /* AwesomeMenuItem.m in Sources */ = {isa = PBXBuildFile; fileRef = 6EB331EE177109DE0034E7E2 /* AwesomeMenuItem.m */; };
		6EBBA38D172245B8000EFF73 /* ImageIO.framework in Frameworks */ = {isa = PBXBuildFile; fileRef = 6EBBA38C172245B8000EFF73 /* ImageIO.framework */; };
		6EBBA38F172245CE000EFF73 /* MapKit.framework in Frameworks */ = {isa = PBXBuildFile; fileRef = 6EBBA38E172245CE000EFF73 /* MapKit.framework */; };
		6EDE00AE1708CDDF00C68317 /* KiipSDK.framework in Frameworks */ = {isa = PBXBuildFile; fileRef = 6EDE00AB1708CDDF00C68317 /* KiipSDK.framework */; };
		6EDE00AF1708CDDF00C68317 /* KiipSDK.framework in Frameworks */ = {isa = PBXBuildFile; fileRef = 6EDE00AB1708CDDF00C68317 /* KiipSDK.framework */; };
		6EDE00B01708CDDF00C68317 /* KiipSDKResources.bundle in Resources */ = {isa = PBXBuildFile; fileRef = 6EDE00AC1708CDDF00C68317 /* KiipSDKResources.bundle */; };
		6EDE00B11708CDDF00C68317 /* KiipSDKResources.bundle in Resources */ = {isa = PBXBuildFile; fileRef = 6EDE00AC1708CDDF00C68317 /* KiipSDKResources.bundle */; };
		6EF1F7531723750400061A11 /* Twitter.framework in Frameworks */ = {isa = PBXBuildFile; fileRef = 6EF1F7521723750400061A11 /* Twitter.framework */; };
/* End PBXBuildFile section */

/* Begin PBXContainerItemProxy section */
		6E26F248170148F9009489A8 /* PBXContainerItemProxy */ = {
			isa = PBXContainerItemProxy;
			containerPortal = 6E26F212170148F8009489A8 /* Project object */;
			proxyType = 1;
			remoteGlobalIDString = 6E26F219170148F8009489A8;
			remoteInfo = Floadt;
		};
/* End PBXContainerItemProxy section */

/* Begin PBXFileReference section */
		6E0D5F9D17A0B69100389771 /* iPhone.storyboard */ = {isa = PBXFileReference; fileEncoding = 4; lastKnownFileType = file.storyboard; path = iPhone.storyboard; sourceTree = "<group>"; };
		6E0D5FA417A0BB6800389771 /* StreamViewController.h */ = {isa = PBXFileReference; fileEncoding = 4; lastKnownFileType = sourcecode.c.h; path = StreamViewController.h; sourceTree = "<group>"; };
		6E0D5FA517A0BB6800389771 /* StreamViewController.m */ = {isa = PBXFileReference; fileEncoding = 4; lastKnownFileType = sourcecode.c.objc; path = StreamViewController.m; sourceTree = "<group>"; };
		6E20DD79170295BD00EE64A0 /* CoreTelephony.framework */ = {isa = PBXFileReference; lastKnownFileType = wrapper.framework; name = CoreTelephony.framework; path = System/Library/Frameworks/CoreTelephony.framework; sourceTree = SDKROOT; };
		6E26F21A170148F8009489A8 /* Floadt.app */ = {isa = PBXFileReference; explicitFileType = wrapper.application; includeInIndex = 0; path = Floadt.app; sourceTree = BUILT_PRODUCTS_DIR; };
		6E26F21D170148F8009489A8 /* UIKit.framework */ = {isa = PBXFileReference; lastKnownFileType = wrapper.framework; name = UIKit.framework; path = System/Library/Frameworks/UIKit.framework; sourceTree = SDKROOT; };
		6E26F21F170148F8009489A8 /* Foundation.framework */ = {isa = PBXFileReference; lastKnownFileType = wrapper.framework; name = Foundation.framework; path = System/Library/Frameworks/Foundation.framework; sourceTree = SDKROOT; };
		6E26F221170148F8009489A8 /* CoreGraphics.framework */ = {isa = PBXFileReference; lastKnownFileType = wrapper.framework; name = CoreGraphics.framework; path = System/Library/Frameworks/CoreGraphics.framework; sourceTree = SDKROOT; };
		6E26F225170148F8009489A8 /* Floadt-Info.plist */ = {isa = PBXFileReference; lastKnownFileType = text.plist.xml; path = "Floadt-Info.plist"; sourceTree = "<group>"; };
		6E26F227170148F8009489A8 /* en */ = {isa = PBXFileReference; lastKnownFileType = text.plist.strings; name = en; path = en.lproj/InfoPlist.strings; sourceTree = "<group>"; };
		6E26F229170148F8009489A8 /* main.m */ = {isa = PBXFileReference; lastKnownFileType = sourcecode.c.objc; path = main.m; sourceTree = "<group>"; };
		6E26F22B170148F8009489A8 /* Floadt-Prefix.pch */ = {isa = PBXFileReference; lastKnownFileType = sourcecode.c.h; path = "Floadt-Prefix.pch"; sourceTree = "<group>"; };
		6E26F22C170148F8009489A8 /* AppDelegate.h */ = {isa = PBXFileReference; lastKnownFileType = sourcecode.c.h; path = AppDelegate.h; sourceTree = "<group>"; };
		6E26F22D170148F8009489A8 /* AppDelegate.m */ = {isa = PBXFileReference; lastKnownFileType = sourcecode.c.objc; path = AppDelegate.m; sourceTree = "<group>"; };
		6E26F243170148F9009489A8 /* FloadtTests.octest */ = {isa = PBXFileReference; explicitFileType = wrapper.cfbundle; includeInIndex = 0; path = FloadtTests.octest; sourceTree = BUILT_PRODUCTS_DIR; };
		6E26F244170148F9009489A8 /* SenTestingKit.framework */ = {isa = PBXFileReference; lastKnownFileType = wrapper.framework; name = SenTestingKit.framework; path = Library/Frameworks/SenTestingKit.framework; sourceTree = DEVELOPER_DIR; };
		6E26F24C170148F9009489A8 /* FloadtTests-Info.plist */ = {isa = PBXFileReference; lastKnownFileType = text.plist.xml; path = "FloadtTests-Info.plist"; sourceTree = "<group>"; };
		6E26F24E170148F9009489A8 /* en */ = {isa = PBXFileReference; lastKnownFileType = text.plist.strings; name = en; path = en.lproj/InfoPlist.strings; sourceTree = "<group>"; };
		6E26F250170148F9009489A8 /* FloadtTests.h */ = {isa = PBXFileReference; lastKnownFileType = sourcecode.c.h; path = FloadtTests.h; sourceTree = "<group>"; };
		6E26F251170148F9009489A8 /* FloadtTests.m */ = {isa = PBXFileReference; lastKnownFileType = sourcecode.c.objc; path = FloadtTests.m; sourceTree = "<group>"; };
		6E2B11881716121900FA23CB /* JSFlatButton.h */ = {isa = PBXFileReference; fileEncoding = 4; lastKnownFileType = sourcecode.c.h; path = JSFlatButton.h; sourceTree = "<group>"; };
		6E2B11891716121900FA23CB /* JSFlatButton.m */ = {isa = PBXFileReference; fileEncoding = 4; lastKnownFileType = sourcecode.c.objc; path = JSFlatButton.m; sourceTree = "<group>"; };
		6E2B118A1716121900FA23CB /* UIColor+JSFlatButton.h */ = {isa = PBXFileReference; fileEncoding = 4; lastKnownFileType = sourcecode.c.h; path = "UIColor+JSFlatButton.h"; sourceTree = "<group>"; };
		6E2B118B1716121900FA23CB /* UIColor+JSFlatButton.m */ = {isa = PBXFileReference; fileEncoding = 4; lastKnownFileType = sourcecode.c.objc; path = "UIColor+JSFlatButton.m"; sourceTree = "<group>"; };
		6E2B118C1716121900FA23CB /* UIImage+JSFlatButton.h */ = {isa = PBXFileReference; fileEncoding = 4; lastKnownFileType = sourcecode.c.h; path = "UIImage+JSFlatButton.h"; sourceTree = "<group>"; };
		6E2B118D1716121900FA23CB /* UIImage+JSFlatButton.m */ = {isa = PBXFileReference; fileEncoding = 4; lastKnownFileType = sourcecode.c.objc; path = "UIImage+JSFlatButton.m"; sourceTree = "<group>"; };
		6E2B11911716122A00FA23CB /* FacebookSDK.framework */ = {isa = PBXFileReference; lastKnownFileType = wrapper.framework; name = FacebookSDK.framework; path = External/FacebookSDK.framework; sourceTree = "<group>"; };
		6E2B11921716122A00FA23CB /* FacebookSDKResources.bundle */ = {isa = PBXFileReference; lastKnownFileType = "wrapper.plug-in"; name = FacebookSDKResources.bundle; path = External/FacebookSDKResources.bundle; sourceTree = "<group>"; };
		6E3C16EB1708CD790025D038 /* JASidePanelController.h */ = {isa = PBXFileReference; fileEncoding = 4; lastKnownFileType = sourcecode.c.h; path = JASidePanelController.h; sourceTree = "<group>"; };
		6E3C16EC1708CD790025D038 /* JASidePanelController.m */ = {isa = PBXFileReference; fileEncoding = 4; lastKnownFileType = sourcecode.c.objc; path = JASidePanelController.m; sourceTree = "<group>"; };
		6E3C16ED1708CD790025D038 /* UIViewController+JASidePanel.h */ = {isa = PBXFileReference; fileEncoding = 4; lastKnownFileType = sourcecode.c.h; path = "UIViewController+JASidePanel.h"; sourceTree = "<group>"; };
		6E3C16EE1708CD790025D038 /* UIViewController+JASidePanel.m */ = {isa = PBXFileReference; fileEncoding = 4; lastKnownFileType = sourcecode.c.objc; path = "UIViewController+JASidePanel.m"; sourceTree = "<group>"; };
		6E3C17141708CD790025D038 /* WTStatusBar.h */ = {isa = PBXFileReference; fileEncoding = 4; lastKnownFileType = sourcecode.c.h; path = WTStatusBar.h; sourceTree = "<group>"; };
		6E3C17151708CD790025D038 /* WTStatusBar.m */ = {isa = PBXFileReference; fileEncoding = 4; lastKnownFileType = sourcecode.c.objc; path = WTStatusBar.m; sourceTree = "<group>"; };
		6E3C17161708CD790025D038 /* WTStatusView.h */ = {isa = PBXFileReference; fileEncoding = 4; lastKnownFileType = sourcecode.c.h; path = WTStatusView.h; sourceTree = "<group>"; };
		6E3C17171708CD790025D038 /* WTStatusView.m */ = {isa = PBXFileReference; fileEncoding = 4; lastKnownFileType = sourcecode.c.objc; path = WTStatusView.m; sourceTree = "<group>"; };
		6E3C17181708CD790025D038 /* WTStatusWindow.h */ = {isa = PBXFileReference; fileEncoding = 4; lastKnownFileType = sourcecode.c.h; path = WTStatusWindow.h; sourceTree = "<group>"; };
		6E3C17191708CD790025D038 /* WTStatusWindow.m */ = {isa = PBXFileReference; fileEncoding = 4; lastKnownFileType = sourcecode.c.objc; path = WTStatusWindow.m; sourceTree = "<group>"; };
		6E4436FF1709FDF900877BD0 /* AdSupport.framework */ = {isa = PBXFileReference; lastKnownFileType = wrapper.framework; name = AdSupport.framework; path = System/Library/Frameworks/AdSupport.framework; sourceTree = SDKROOT; };
		6E4437011709FE2A00877BD0 /* Accounts.framework */ = {isa = PBXFileReference; lastKnownFileType = wrapper.framework; name = Accounts.framework; path = System/Library/Frameworks/Accounts.framework; sourceTree = SDKROOT; };
		6E4437021709FE2A00877BD0 /* Social.framework */ = {isa = PBXFileReference; lastKnownFileType = wrapper.framework; name = Social.framework; path = System/Library/Frameworks/Social.framework; sourceTree = SDKROOT; };
		6E4A6C3B1728AD6700A8CE3C /* ExternalAccessory.framework */ = {isa = PBXFileReference; lastKnownFileType = wrapper.framework; name = ExternalAccessory.framework; path = System/Library/Frameworks/ExternalAccessory.framework; sourceTree = SDKROOT; };
		6E562086170600E6006EF5B8 /* key-blue.png */ = {isa = PBXFileReference; lastKnownFileType = image.png; path = "key-blue.png"; sourceTree = "<group>"; };
		6E562087170600E6006EF5B8 /* key-blue@2x.png */ = {isa = PBXFileReference; lastKnownFileType = image.png; path = "key-blue@2x.png"; sourceTree = "<group>"; };
		6E562088170600E6006EF5B8 /* key-pressed.png */ = {isa = PBXFileReference; lastKnownFileType = image.png; path = "key-pressed.png"; sourceTree = "<group>"; };
		6E562089170600E6006EF5B8 /* key-pressed@2x.png */ = {isa = PBXFileReference; lastKnownFileType = image.png; path = "key-pressed@2x.png"; sourceTree = "<group>"; };
		6E56208A170600E6006EF5B8 /* key.png */ = {isa = PBXFileReference; lastKnownFileType = image.png; path = key.png; sourceTree = "<group>"; };
		6E56208B170600E6006EF5B8 /* key@2x.png */ = {isa = PBXFileReference; lastKnownFileType = image.png; path = "key@2x.png"; sourceTree = "<group>"; };
		6E56208C170600E6006EF5B8 /* keyboard.png */ = {isa = PBXFileReference; lastKnownFileType = image.png; path = keyboard.png; sourceTree = "<group>"; };
		6E56208E170600E6006EF5B8 /* DLIDEKeyboardView.h */ = {isa = PBXFileReference; fileEncoding = 4; lastKnownFileType = sourcecode.c.h; path = DLIDEKeyboardView.h; sourceTree = "<group>"; };
		6E56208F170600E6006EF5B8 /* DLIDEKeyboardView.m */ = {isa = PBXFileReference; fileEncoding = 4; lastKnownFileType = sourcecode.c.objc; path = DLIDEKeyboardView.m; sourceTree = "<group>"; };
		6E5620B3170600E6006EF5B8 /* RNBlurModalView.h */ = {isa = PBXFileReference; fileEncoding = 4; lastKnownFileType = sourcecode.c.h; name = RNBlurModalView.h; path = Resources/RNBlurModalView.h; sourceTree = "<group>"; };
		6E5620B4170600E6006EF5B8 /* RNBlurModalView.m */ = {isa = PBXFileReference; fileEncoding = 4; lastKnownFileType = sourcecode.c.objc; name = RNBlurModalView.m; path = Resources/RNBlurModalView.m; sourceTree = "<group>"; };
		6E58E04B17026AFB00C160BF /* QuartzCore.framework */ = {isa = PBXFileReference; lastKnownFileType = wrapper.framework; name = QuartzCore.framework; path = System/Library/Frameworks/QuartzCore.framework; sourceTree = SDKROOT; };
		6E58E05417026E4200C160BF /* AudioToolbox.framework */ = {isa = PBXFileReference; lastKnownFileType = wrapper.framework; name = AudioToolbox.framework; path = System/Library/Frameworks/AudioToolbox.framework; sourceTree = SDKROOT; };
		6E58E05517026E4200C160BF /* CFNetwork.framework */ = {isa = PBXFileReference; lastKnownFileType = wrapper.framework; name = CFNetwork.framework; path = System/Library/Frameworks/CFNetwork.framework; sourceTree = SDKROOT; };
		6E58E05617026E4200C160BF /* CoreLocation.framework */ = {isa = PBXFileReference; lastKnownFileType = wrapper.framework; name = CoreLocation.framework; path = System/Library/Frameworks/CoreLocation.framework; sourceTree = SDKROOT; };
		6E58E05717026E4200C160BF /* libz.1.1.3.dylib */ = {isa = PBXFileReference; lastKnownFileType = "compiled.mach-o.dylib"; name = libz.1.1.3.dylib; path = usr/lib/libz.1.1.3.dylib; sourceTree = SDKROOT; };
		6E58E05817026E4200C160BF /* MobileCoreServices.framework */ = {isa = PBXFileReference; lastKnownFileType = wrapper.framework; name = MobileCoreServices.framework; path = System/Library/Frameworks/MobileCoreServices.framework; sourceTree = SDKROOT; };
		6E58E05917026E4200C160BF /* Security.framework */ = {isa = PBXFileReference; lastKnownFileType = wrapper.framework; name = Security.framework; path = System/Library/Frameworks/Security.framework; sourceTree = SDKROOT; };
		6E58E05A17026E4200C160BF /* StoreKit.framework */ = {isa = PBXFileReference; lastKnownFileType = wrapper.framework; name = StoreKit.framework; path = System/Library/Frameworks/StoreKit.framework; sourceTree = SDKROOT; };
		6E58E05B17026E4200C160BF /* SystemConfiguration.framework */ = {isa = PBXFileReference; lastKnownFileType = wrapper.framework; name = SystemConfiguration.framework; path = System/Library/Frameworks/SystemConfiguration.framework; sourceTree = SDKROOT; };
		6E58E0C117028A3100C160BF /* CoreText.framework */ = {isa = PBXFileReference; lastKnownFileType = wrapper.framework; name = CoreText.framework; path = System/Library/Frameworks/CoreText.framework; sourceTree = SDKROOT; };
		6E785B02179D940200A363D9 /* InstagramClient.h */ = {isa = PBXFileReference; fileEncoding = 4; lastKnownFileType = sourcecode.c.h; path = InstagramClient.h; sourceTree = "<group>"; };
		6E785B03179D940200A363D9 /* InstagramClient.m */ = {isa = PBXFileReference; fileEncoding = 4; lastKnownFileType = sourcecode.c.objc; path = InstagramClient.m; sourceTree = "<group>"; };
		6EA1EB831772ADAF0096F43A /* SSKeychain.h */ = {isa = PBXFileReference; fileEncoding = 4; lastKnownFileType = sourcecode.c.h; path = SSKeychain.h; sourceTree = "<group>"; };
		6EA1EB841772ADAF0096F43A /* SSKeychain.m */ = {isa = PBXFileReference; fileEncoding = 4; lastKnownFileType = sourcecode.c.objc; path = SSKeychain.m; sourceTree = "<group>"; };
		6EA1EB851772ADAF0096F43A /* SSKeychainQuery.h */ = {isa = PBXFileReference; fileEncoding = 4; lastKnownFileType = sourcecode.c.h; path = SSKeychainQuery.h; sourceTree = "<group>"; };
		6EA1EB861772ADAF0096F43A /* SSKeychainQuery.m */ = {isa = PBXFileReference; fileEncoding = 4; lastKnownFileType = sourcecode.c.objc; path = SSKeychainQuery.m; sourceTree = "<group>"; };
		6EA1EB8A1772ADB70096F43A /* SVProgressHUD.bundle */ = {isa = PBXFileReference; lastKnownFileType = "wrapper.plug-in"; path = SVProgressHUD.bundle; sourceTree = "<group>"; };
		6EA1EB8B1772ADB70096F43A /* SVProgressHUD.h */ = {isa = PBXFileReference; fileEncoding = 4; lastKnownFileType = sourcecode.c.h; path = SVProgressHUD.h; sourceTree = "<group>"; };
		6EA1EB8C1772ADB70096F43A /* SVProgressHUD.m */ = {isa = PBXFileReference; fileEncoding = 4; lastKnownFileType = sourcecode.c.objc; path = SVProgressHUD.m; sourceTree = "<group>"; };
		6EA2D0F61704ED3F00BD46C0 /* CoreImage.framework */ = {isa = PBXFileReference; lastKnownFileType = wrapper.framework; name = CoreImage.framework; path = System/Library/Frameworks/CoreImage.framework; sourceTree = SDKROOT; };
		6EA2D0F81704ED4700BD46C0 /* Accelerate.framework */ = {isa = PBXFileReference; lastKnownFileType = wrapper.framework; name = Accelerate.framework; path = System/Library/Frameworks/Accelerate.framework; sourceTree = SDKROOT; };
		6EA38D76179DDF04005FA063 /* ImageCell.h */ = {isa = PBXFileReference; fileEncoding = 4; lastKnownFileType = sourcecode.c.h; path = ImageCell.h; sourceTree = "<group>"; };
		6EA38D77179DDF04005FA063 /* ImageCell.m */ = {isa = PBXFileReference; fileEncoding = 4; lastKnownFileType = sourcecode.c.objc; path = ImageCell.m; sourceTree = "<group>"; };
		6EB331D3177109DE0034E7E2 /* AFHTTPClient.h */ = {isa = PBXFileReference; fileEncoding = 4; lastKnownFileType = sourcecode.c.h; path = AFHTTPClient.h; sourceTree = "<group>"; };
		6EB331D4177109DE0034E7E2 /* AFHTTPClient.m */ = {isa = PBXFileReference; fileEncoding = 4; lastKnownFileType = sourcecode.c.objc; path = AFHTTPClient.m; sourceTree = "<group>"; };
		6EB331D5177109DE0034E7E2 /* AFHTTPRequestOperation.h */ = {isa = PBXFileReference; fileEncoding = 4; lastKnownFileType = sourcecode.c.h; path = AFHTTPRequestOperation.h; sourceTree = "<group>"; };
		6EB331D6177109DE0034E7E2 /* AFHTTPRequestOperation.m */ = {isa = PBXFileReference; fileEncoding = 4; lastKnownFileType = sourcecode.c.objc; path = AFHTTPRequestOperation.m; sourceTree = "<group>"; };
		6EB331D7177109DE0034E7E2 /* AFImageRequestOperation.h */ = {isa = PBXFileReference; fileEncoding = 4; lastKnownFileType = sourcecode.c.h; path = AFImageRequestOperation.h; sourceTree = "<group>"; };
		6EB331D8177109DE0034E7E2 /* AFImageRequestOperation.m */ = {isa = PBXFileReference; fileEncoding = 4; lastKnownFileType = sourcecode.c.objc; path = AFImageRequestOperation.m; sourceTree = "<group>"; };
		6EB331D9177109DE0034E7E2 /* AFJSONRequestOperation.h */ = {isa = PBXFileReference; fileEncoding = 4; lastKnownFileType = sourcecode.c.h; path = AFJSONRequestOperation.h; sourceTree = "<group>"; };
		6EB331DA177109DE0034E7E2 /* AFJSONRequestOperation.m */ = {isa = PBXFileReference; fileEncoding = 4; lastKnownFileType = sourcecode.c.objc; path = AFJSONRequestOperation.m; sourceTree = "<group>"; };
		6EB331DB177109DE0034E7E2 /* AFNetworkActivityIndicatorManager.h */ = {isa = PBXFileReference; fileEncoding = 4; lastKnownFileType = sourcecode.c.h; path = AFNetworkActivityIndicatorManager.h; sourceTree = "<group>"; };
		6EB331DC177109DE0034E7E2 /* AFNetworkActivityIndicatorManager.m */ = {isa = PBXFileReference; fileEncoding = 4; lastKnownFileType = sourcecode.c.objc; path = AFNetworkActivityIndicatorManager.m; sourceTree = "<group>"; };
		6EB331DD177109DE0034E7E2 /* AFNetworking.h */ = {isa = PBXFileReference; fileEncoding = 4; lastKnownFileType = sourcecode.c.h; path = AFNetworking.h; sourceTree = "<group>"; };
		6EB331DE177109DE0034E7E2 /* AFOAuth1Client.h */ = {isa = PBXFileReference; fileEncoding = 4; lastKnownFileType = sourcecode.c.h; path = AFOAuth1Client.h; sourceTree = "<group>"; };
		6EB331DF177109DE0034E7E2 /* AFOAuth1Client.m */ = {isa = PBXFileReference; fileEncoding = 4; lastKnownFileType = sourcecode.c.objc; path = AFOAuth1Client.m; sourceTree = "<group>"; };
		6EB331E0177109DE0034E7E2 /* AFOAuth2Client.h */ = {isa = PBXFileReference; fileEncoding = 4; lastKnownFileType = sourcecode.c.h; path = AFOAuth2Client.h; sourceTree = "<group>"; };
		6EB331E1177109DE0034E7E2 /* AFOAuth2Client.m */ = {isa = PBXFileReference; fileEncoding = 4; lastKnownFileType = sourcecode.c.objc; path = AFOAuth2Client.m; sourceTree = "<group>"; };
		6EB331E2177109DE0034E7E2 /* AFPropertyListRequestOperation.h */ = {isa = PBXFileReference; fileEncoding = 4; lastKnownFileType = sourcecode.c.h; path = AFPropertyListRequestOperation.h; sourceTree = "<group>"; };
		6EB331E3177109DE0034E7E2 /* AFPropertyListRequestOperation.m */ = {isa = PBXFileReference; fileEncoding = 4; lastKnownFileType = sourcecode.c.objc; path = AFPropertyListRequestOperation.m; sourceTree = "<group>"; };
		6EB331E4177109DE0034E7E2 /* AFURLConnectionOperation.h */ = {isa = PBXFileReference; fileEncoding = 4; lastKnownFileType = sourcecode.c.h; path = AFURLConnectionOperation.h; sourceTree = "<group>"; };
		6EB331E5177109DE0034E7E2 /* AFURLConnectionOperation.m */ = {isa = PBXFileReference; fileEncoding = 4; lastKnownFileType = sourcecode.c.objc; path = AFURLConnectionOperation.m; sourceTree = "<group>"; };
		6EB331E6177109DE0034E7E2 /* AFXMLRequestOperation.h */ = {isa = PBXFileReference; fileEncoding = 4; lastKnownFileType = sourcecode.c.h; path = AFXMLRequestOperation.h; sourceTree = "<group>"; };
		6EB331E7177109DE0034E7E2 /* AFXMLRequestOperation.m */ = {isa = PBXFileReference; fileEncoding = 4; lastKnownFileType = sourcecode.c.objc; path = AFXMLRequestOperation.m; sourceTree = "<group>"; };
		6EB331E8177109DE0034E7E2 /* UIImageView+AFNetworking.h */ = {isa = PBXFileReference; fileEncoding = 4; lastKnownFileType = sourcecode.c.h; path = "UIImageView+AFNetworking.h"; sourceTree = "<group>"; };
		6EB331E9177109DE0034E7E2 /* UIImageView+AFNetworking.m */ = {isa = PBXFileReference; fileEncoding = 4; lastKnownFileType = sourcecode.c.objc; path = "UIImageView+AFNetworking.m"; sourceTree = "<group>"; };
		6EB331EB177109DE0034E7E2 /* AwesomeMenu.h */ = {isa = PBXFileReference; fileEncoding = 4; lastKnownFileType = sourcecode.c.h; path = AwesomeMenu.h; sourceTree = "<group>"; };
		6EB331EC177109DE0034E7E2 /* AwesomeMenu.m */ = {isa = PBXFileReference; fileEncoding = 4; lastKnownFileType = sourcecode.c.objc; path = AwesomeMenu.m; sourceTree = "<group>"; };
		6EB331ED177109DE0034E7E2 /* AwesomeMenuItem.h */ = {isa = PBXFileReference; fileEncoding = 4; lastKnownFileType = sourcecode.c.h; path = AwesomeMenuItem.h; sourceTree = "<group>"; };
		6EB331EE177109DE0034E7E2 /* AwesomeMenuItem.m */ = {isa = PBXFileReference; fileEncoding = 4; lastKnownFileType = sourcecode.c.objc; path = AwesomeMenuItem.m; sourceTree = "<group>"; };
		6EBBA38C172245B8000EFF73 /* ImageIO.framework */ = {isa = PBXFileReference; lastKnownFileType = wrapper.framework; name = ImageIO.framework; path = System/Library/Frameworks/ImageIO.framework; sourceTree = SDKROOT; };
		6EBBA38E172245CE000EFF73 /* MapKit.framework */ = {isa = PBXFileReference; lastKnownFileType = wrapper.framework; name = MapKit.framework; path = System/Library/Frameworks/MapKit.framework; sourceTree = SDKROOT; };
		6EDE00AB1708CDDF00C68317 /* KiipSDK.framework */ = {isa = PBXFileReference; lastKnownFileType = wrapper.framework; name = KiipSDK.framework; path = External/KiipSDK.framework; sourceTree = "<group>"; };
		6EDE00AC1708CDDF00C68317 /* KiipSDKResources.bundle */ = {isa = PBXFileReference; lastKnownFileType = "wrapper.plug-in"; name = KiipSDKResources.bundle; path = External/KiipSDKResources.bundle; sourceTree = "<group>"; };
		6EF1F7521723750400061A11 /* Twitter.framework */ = {isa = PBXFileReference; lastKnownFileType = wrapper.framework; name = Twitter.framework; path = System/Library/Frameworks/Twitter.framework; sourceTree = SDKROOT; };
/* End PBXFileReference section */

/* Begin PBXFrameworksBuildPhase section */
		6E26F217170148F8009489A8 /* Frameworks */ = {
			isa = PBXFrameworksBuildPhase;
			buildActionMask = 2147483647;
			files = (
				6E4437031709FE2A00877BD0 /* Accounts.framework in Frameworks */,
				6E4A6C3C1728AD6700A8CE3C /* ExternalAccessory.framework in Frameworks */,
				6EF1F7531723750400061A11 /* Twitter.framework in Frameworks */,
				6E58E06117026E4200C160BF /* Security.framework in Frameworks */,
				6E58E05D17026E4200C160BF /* CFNetwork.framework in Frameworks */,
				6EBBA38F172245CE000EFF73 /* MapKit.framework in Frameworks */,
				6EBBA38D172245B8000EFF73 /* ImageIO.framework in Frameworks */,
				6E4437041709FE2A00877BD0 /* Social.framework in Frameworks */,
				6E26F222170148F8009489A8 /* CoreGraphics.framework in Frameworks */,
				6EA2D0F91704ED4700BD46C0 /* Accelerate.framework in Frameworks */,
				6EA2D0F71704ED3F00BD46C0 /* CoreImage.framework in Frameworks */,
				6E58E05C17026E4200C160BF /* AudioToolbox.framework in Frameworks */,
				6E4437001709FDF900877BD0 /* AdSupport.framework in Frameworks */,
				6E58E0C217028A3100C160BF /* CoreText.framework in Frameworks */,
				6E20DD7A170295BD00EE64A0 /* CoreTelephony.framework in Frameworks */,
				6E58E05E17026E4200C160BF /* CoreLocation.framework in Frameworks */,
				6E58E05F17026E4200C160BF /* libz.1.1.3.dylib in Frameworks */,
				6E58E06017026E4200C160BF /* MobileCoreServices.framework in Frameworks */,
				6E58E06217026E4200C160BF /* StoreKit.framework in Frameworks */,
				6E58E06317026E4200C160BF /* SystemConfiguration.framework in Frameworks */,
				6E58E04C17026AFB00C160BF /* QuartzCore.framework in Frameworks */,
				6E26F21E170148F8009489A8 /* UIKit.framework in Frameworks */,
				6E26F220170148F8009489A8 /* Foundation.framework in Frameworks */,
				6EDE00AE1708CDDF00C68317 /* KiipSDK.framework in Frameworks */,
				6E2B11931716122A00FA23CB /* FacebookSDK.framework in Frameworks */,
			);
			runOnlyForDeploymentPostprocessing = 0;
		};
		6E26F23F170148F9009489A8 /* Frameworks */ = {
			isa = PBXFrameworksBuildPhase;
			buildActionMask = 2147483647;
			files = (
				6E26F245170148F9009489A8 /* SenTestingKit.framework in Frameworks */,
				6E26F246170148F9009489A8 /* UIKit.framework in Frameworks */,
				6E26F247170148F9009489A8 /* Foundation.framework in Frameworks */,
				6EDE00AF1708CDDF00C68317 /* KiipSDK.framework in Frameworks */,
			);
			runOnlyForDeploymentPostprocessing = 0;
		};
/* End PBXFrameworksBuildPhase section */

/* Begin PBXGroup section */
		6E2451F01704B4BE002CF616 /* ViewControllers */ = {
			isa = PBXGroup;
			children = (
				6E0D5FA417A0BB6800389771 /* StreamViewController.h */,
				6E0D5FA517A0BB6800389771 /* StreamViewController.m */,
				6E26F224170148F8009489A8 /* Supporting Files */,
			);
			name = ViewControllers;
			sourceTree = "<group>";
		};
		6E26F211170148F8009489A8 = {
			isa = PBXGroup;
			children = (
				6E26F2FC170149FE009489A8 /* External */,
				6E26F223170148F8009489A8 /* Floadt */,
				6E26F24A170148F9009489A8 /* FloadtTests */,
				6E26F21C170148F8009489A8 /* Frameworks */,
				6E26F21B170148F8009489A8 /* Products */,
			);
			sourceTree = "<group>";
		};
		6E26F21B170148F8009489A8 /* Products */ = {
			isa = PBXGroup;
			children = (
				6E26F21A170148F8009489A8 /* Floadt.app */,
				6E26F243170148F9009489A8 /* FloadtTests.octest */,
			);
			name = Products;
			sourceTree = "<group>";
		};
		6E26F21C170148F8009489A8 /* Frameworks */ = {
			isa = PBXGroup;
			children = (
				6E4A6C3B1728AD6700A8CE3C /* ExternalAccessory.framework */,
				6EF1F7521723750400061A11 /* Twitter.framework */,
				6EBBA38E172245CE000EFF73 /* MapKit.framework */,
				6EBBA38C172245B8000EFF73 /* ImageIO.framework */,
				6E2B11911716122A00FA23CB /* FacebookSDK.framework */,
				6E2B11921716122A00FA23CB /* FacebookSDKResources.bundle */,
				6E4437011709FE2A00877BD0 /* Accounts.framework */,
				6E4437021709FE2A00877BD0 /* Social.framework */,
				6E4436FF1709FDF900877BD0 /* AdSupport.framework */,
				6EDE00AB1708CDDF00C68317 /* KiipSDK.framework */,
				6EDE00AC1708CDDF00C68317 /* KiipSDKResources.bundle */,
				6EA2D0F81704ED4700BD46C0 /* Accelerate.framework */,
				6EA2D0F61704ED3F00BD46C0 /* CoreImage.framework */,
				6E20DD79170295BD00EE64A0 /* CoreTelephony.framework */,
				6E58E0C117028A3100C160BF /* CoreText.framework */,
				6E58E05417026E4200C160BF /* AudioToolbox.framework */,
				6E58E05517026E4200C160BF /* CFNetwork.framework */,
				6E58E05617026E4200C160BF /* CoreLocation.framework */,
				6E58E05717026E4200C160BF /* libz.1.1.3.dylib */,
				6E58E05817026E4200C160BF /* MobileCoreServices.framework */,
				6E58E05917026E4200C160BF /* Security.framework */,
				6E58E05A17026E4200C160BF /* StoreKit.framework */,
				6E58E05B17026E4200C160BF /* SystemConfiguration.framework */,
				6E58E04B17026AFB00C160BF /* QuartzCore.framework */,
				6E26F21D170148F8009489A8 /* UIKit.framework */,
				6E26F21F170148F8009489A8 /* Foundation.framework */,
				6E26F221170148F8009489A8 /* CoreGraphics.framework */,
				6E26F244170148F9009489A8 /* SenTestingKit.framework */,
			);
			name = Frameworks;
			sourceTree = "<group>";
		};
		6E26F223170148F8009489A8 /* Floadt */ = {
			isa = PBXGroup;
			children = (
				6EF1F75817237E2A00061A11 /* Classes */,
			);
			path = Floadt;
			sourceTree = "<group>";
		};
		6E26F224170148F8009489A8 /* Supporting Files */ = {
			isa = PBXGroup;
			children = (
				6E26F225170148F8009489A8 /* Floadt-Info.plist */,
				6E26F226170148F8009489A8 /* InfoPlist.strings */,
				6E26F229170148F8009489A8 /* main.m */,
				6E26F22B170148F8009489A8 /* Floadt-Prefix.pch */,
			);
			name = "Supporting Files";
			sourceTree = "<group>";
		};
		6E26F24A170148F9009489A8 /* FloadtTests */ = {
			isa = PBXGroup;
			children = (
				6E26F250170148F9009489A8 /* FloadtTests.h */,
				6E26F251170148F9009489A8 /* FloadtTests.m */,
				6E26F24B170148F9009489A8 /* Supporting Files */,
			);
			path = FloadtTests;
			sourceTree = "<group>";
		};
		6E26F24B170148F9009489A8 /* Supporting Files */ = {
			isa = PBXGroup;
			children = (
				6E26F24C170148F9009489A8 /* FloadtTests-Info.plist */,
				6E26F24D170148F9009489A8 /* InfoPlist.strings */,
			);
			name = "Supporting Files";
			sourceTree = "<group>";
		};
		6E26F2FC170149FE009489A8 /* External */ = {
			isa = PBXGroup;
			children = (
				6EA1EB891772ADB70096F43A /* SVProgressHUD */,
				6EA1EB821772ADAE0096F43A /* SSKeychain */,
				6EB331D2177109DE0034E7E2 /* AFNetworking */,
				6EB331EA177109DE0034E7E2 /* AwesomeMenu */,
				6E2B11871716121900FA23CB /* JSFlatButton */,
				6E3C16EA1708CD790025D038 /* JASidePanel */,
				6E3C17131708CD790025D038 /* WTStatusBar */,
				6E562084170600E6006EF5B8 /* DLIDEKeyboard */,
				6E56210B17060177006EF5B8 /* Blur */,
			);
			name = External;
			sourceTree = "<group>";
		};
		6E2B11871716121900FA23CB /* JSFlatButton */ = {
			isa = PBXGroup;
			children = (
				6E2B11881716121900FA23CB /* JSFlatButton.h */,
				6E2B11891716121900FA23CB /* JSFlatButton.m */,
				6E2B118A1716121900FA23CB /* UIColor+JSFlatButton.h */,
				6E2B118B1716121900FA23CB /* UIColor+JSFlatButton.m */,
				6E2B118C1716121900FA23CB /* UIImage+JSFlatButton.h */,
				6E2B118D1716121900FA23CB /* UIImage+JSFlatButton.m */,
			);
			name = JSFlatButton;
			path = External/JSFlatButton;
			sourceTree = "<group>";
		};
		6E3C16EA1708CD790025D038 /* JASidePanel */ = {
			isa = PBXGroup;
			children = (
				6E3C16EB1708CD790025D038 /* JASidePanelController.h */,
				6E3C16EC1708CD790025D038 /* JASidePanelController.m */,
				6E3C16ED1708CD790025D038 /* UIViewController+JASidePanel.h */,
				6E3C16EE1708CD790025D038 /* UIViewController+JASidePanel.m */,
			);
			name = JASidePanel;
			path = External/JASidePanel;
			sourceTree = "<group>";
		};
		6E3C17131708CD790025D038 /* WTStatusBar */ = {
			isa = PBXGroup;
			children = (
				6E3C17141708CD790025D038 /* WTStatusBar.h */,
				6E3C17151708CD790025D038 /* WTStatusBar.m */,
				6E3C17161708CD790025D038 /* WTStatusView.h */,
				6E3C17171708CD790025D038 /* WTStatusView.m */,
				6E3C17181708CD790025D038 /* WTStatusWindow.h */,
				6E3C17191708CD790025D038 /* WTStatusWindow.m */,
			);
			name = WTStatusBar;
			path = External/WTStatusBar;
			sourceTree = "<group>";
		};
		6E562084170600E6006EF5B8 /* DLIDEKeyboard */ = {
			isa = PBXGroup;
			children = (
				6E562085170600E6006EF5B8 /* Assets */,
				6E56208D170600E6006EF5B8 /* Classes */,
			);
			name = DLIDEKeyboard;
			path = Resources/DLIDEKeyboard;
			sourceTree = "<group>";
		};
		6E562085170600E6006EF5B8 /* Assets */ = {
			isa = PBXGroup;
			children = (
				6E562086170600E6006EF5B8 /* key-blue.png */,
				6E562087170600E6006EF5B8 /* key-blue@2x.png */,
				6E562088170600E6006EF5B8 /* key-pressed.png */,
				6E562089170600E6006EF5B8 /* key-pressed@2x.png */,
				6E56208A170600E6006EF5B8 /* key.png */,
				6E56208B170600E6006EF5B8 /* key@2x.png */,
				6E56208C170600E6006EF5B8 /* keyboard.png */,
			);
			path = Assets;
			sourceTree = "<group>";
		};
		6E56208D170600E6006EF5B8 /* Classes */ = {
			isa = PBXGroup;
			children = (
				6E56208E170600E6006EF5B8 /* DLIDEKeyboardView.h */,
				6E56208F170600E6006EF5B8 /* DLIDEKeyboardView.m */,
			);
			path = Classes;
			sourceTree = "<group>";
		};
		6E56210B17060177006EF5B8 /* Blur */ = {
			isa = PBXGroup;
			children = (
				6E5620B3170600E6006EF5B8 /* RNBlurModalView.h */,
				6E5620B4170600E6006EF5B8 /* RNBlurModalView.m */,
			);
			name = Blur;
			sourceTree = "<group>";
		};
		6E785B00179D93E800A363D9 /* Clients */ = {
			isa = PBXGroup;
			children = (
				6E785B02179D940200A363D9 /* InstagramClient.h */,
				6E785B03179D940200A363D9 /* InstagramClient.m */,
			);
			name = Clients;
			sourceTree = "<group>";
		};
		6EA1EB821772ADAE0096F43A /* SSKeychain */ = {
			isa = PBXGroup;
			children = (
				6EA1EB831772ADAF0096F43A /* SSKeychain.h */,
				6EA1EB841772ADAF0096F43A /* SSKeychain.m */,
				6EA1EB851772ADAF0096F43A /* SSKeychainQuery.h */,
				6EA1EB861772ADAF0096F43A /* SSKeychainQuery.m */,
			);
			name = SSKeychain;
			path = External/SSKeychain;
			sourceTree = "<group>";
		};
		6EA1EB891772ADB70096F43A /* SVProgressHUD */ = {
			isa = PBXGroup;
			children = (
				6EA1EB8A1772ADB70096F43A /* SVProgressHUD.bundle */,
				6EA1EB8B1772ADB70096F43A /* SVProgressHUD.h */,
				6EA1EB8C1772ADB70096F43A /* SVProgressHUD.m */,
			);
			name = SVProgressHUD;
			path = External/SVProgressHUD;
			sourceTree = "<group>";
		};
		6EB331D2177109DE0034E7E2 /* AFNetworking */ = {
			isa = PBXGroup;
			children = (
				6EB331D3177109DE0034E7E2 /* AFHTTPClient.h */,
				6EB331D4177109DE0034E7E2 /* AFHTTPClient.m */,
				6EB331D5177109DE0034E7E2 /* AFHTTPRequestOperation.h */,
				6EB331D6177109DE0034E7E2 /* AFHTTPRequestOperation.m */,
				6EB331D7177109DE0034E7E2 /* AFImageRequestOperation.h */,
				6EB331D8177109DE0034E7E2 /* AFImageRequestOperation.m */,
				6EB331D9177109DE0034E7E2 /* AFJSONRequestOperation.h */,
				6EB331DA177109DE0034E7E2 /* AFJSONRequestOperation.m */,
				6EB331DB177109DE0034E7E2 /* AFNetworkActivityIndicatorManager.h */,
				6EB331DC177109DE0034E7E2 /* AFNetworkActivityIndicatorManager.m */,
				6EB331DD177109DE0034E7E2 /* AFNetworking.h */,
				6EB331DE177109DE0034E7E2 /* AFOAuth1Client.h */,
				6EB331DF177109DE0034E7E2 /* AFOAuth1Client.m */,
				6EB331E0177109DE0034E7E2 /* AFOAuth2Client.h */,
				6EB331E1177109DE0034E7E2 /* AFOAuth2Client.m */,
				6EB331E2177109DE0034E7E2 /* AFPropertyListRequestOperation.h */,
				6EB331E3177109DE0034E7E2 /* AFPropertyListRequestOperation.m */,
				6EB331E4177109DE0034E7E2 /* AFURLConnectionOperation.h */,
				6EB331E5177109DE0034E7E2 /* AFURLConnectionOperation.m */,
				6EB331E6177109DE0034E7E2 /* AFXMLRequestOperation.h */,
				6EB331E7177109DE0034E7E2 /* AFXMLRequestOperation.m */,
				6EB331E8177109DE0034E7E2 /* UIImageView+AFNetworking.h */,
				6EB331E9177109DE0034E7E2 /* UIImageView+AFNetworking.m */,
			);
			name = AFNetworking;
			path = External/AFNetworking;
			sourceTree = "<group>";
		};
		6EB331EA177109DE0034E7E2 /* AwesomeMenu */ = {
			isa = PBXGroup;
			children = (
				6EB331EB177109DE0034E7E2 /* AwesomeMenu.h */,
				6EB331EC177109DE0034E7E2 /* AwesomeMenu.m */,
				6EB331ED177109DE0034E7E2 /* AwesomeMenuItem.h */,
				6EB331EE177109DE0034E7E2 /* AwesomeMenuItem.m */,
			);
			name = AwesomeMenu;
			path = External/AwesomeMenu;
			sourceTree = "<group>";
		};
		6EF1F75817237E2A00061A11 /* Classes */ = {
			isa = PBXGroup;
			children = (
				6E785B00179D93E800A363D9 /* Clients */,
				6E26F22C170148F8009489A8 /* AppDelegate.h */,
				6E26F22D170148F8009489A8 /* AppDelegate.m */,
				6EA38D76179DDF04005FA063 /* ImageCell.h */,
				6EA38D77179DDF04005FA063 /* ImageCell.m */,
				6E0D5F9D17A0B69100389771 /* iPhone.storyboard */,
				6E2451F01704B4BE002CF616 /* ViewControllers */,
			);
			name = Classes;
			sourceTree = "<group>";
		};
/* End PBXGroup section */

/* Begin PBXNativeTarget section */
		6E26F219170148F8009489A8 /* Floadt */ = {
			isa = PBXNativeTarget;
			buildConfigurationList = 6E26F255170148F9009489A8 /* Build configuration list for PBXNativeTarget "Floadt" */;
			buildPhases = (
				6E26F216170148F8009489A8 /* Sources */,
				6E26F217170148F8009489A8 /* Frameworks */,
				6E26F218170148F8009489A8 /* Resources */,
			);
			buildRules = (
			);
			dependencies = (
			);
			name = Floadt;
			productName = Floadt;
			productReference = 6E26F21A170148F8009489A8 /* Floadt.app */;
			productType = "com.apple.product-type.application";
		};
		6E26F242170148F9009489A8 /* FloadtTests */ = {
			isa = PBXNativeTarget;
			buildConfigurationList = 6E26F258170148F9009489A8 /* Build configuration list for PBXNativeTarget "FloadtTests" */;
			buildPhases = (
				6E26F23E170148F9009489A8 /* Sources */,
				6E26F23F170148F9009489A8 /* Frameworks */,
				6E26F240170148F9009489A8 /* Resources */,
				6E26F241170148F9009489A8 /* ShellScript */,
			);
			buildRules = (
			);
			dependencies = (
				6E26F249170148F9009489A8 /* PBXTargetDependency */,
			);
			name = FloadtTests;
			productName = FloadtTests;
			productReference = 6E26F243170148F9009489A8 /* FloadtTests.octest */;
			productType = "com.apple.product-type.bundle";
		};
/* End PBXNativeTarget section */

/* Begin PBXProject section */
		6E26F212170148F8009489A8 /* Project object */ = {
			isa = PBXProject;
			attributes = {
				LastUpgradeCheck = 0460;
				ORGANIZATIONNAME = "Pradyumn Nukala";
			};
			buildConfigurationList = 6E26F215170148F8009489A8 /* Build configuration list for PBXProject "Floadt" */;
			compatibilityVersion = "Xcode 3.2";
			developmentRegion = English;
			hasScannedForEncodings = 0;
			knownRegions = (
				en,
			);
			mainGroup = 6E26F211170148F8009489A8;
			productRefGroup = 6E26F21B170148F8009489A8 /* Products */;
			projectDirPath = "";
			projectRoot = "";
			targets = (
				6E26F219170148F8009489A8 /* Floadt */,
				6E26F242170148F9009489A8 /* FloadtTests */,
			);
		};
/* End PBXProject section */

/* Begin PBXResourcesBuildPhase section */
		6E26F218170148F8009489A8 /* Resources */ = {
			isa = PBXResourcesBuildPhase;
			buildActionMask = 2147483647;
			files = (
				6E26F228170148F8009489A8 /* InfoPlist.strings in Resources */,
				6E5620BE170600E6006EF5B8 /* key-blue.png in Resources */,
				6E5620C0170600E6006EF5B8 /* key-blue@2x.png in Resources */,
				6E5620C2170600E6006EF5B8 /* key-pressed.png in Resources */,
				6E5620C4170600E6006EF5B8 /* key-pressed@2x.png in Resources */,
				6E5620C6170600E6006EF5B8 /* key.png in Resources */,
				6E5620C8170600E6006EF5B8 /* key@2x.png in Resources */,
				6E5620CA170600E6006EF5B8 /* keyboard.png in Resources */,
				6EDE00B01708CDDF00C68317 /* KiipSDKResources.bundle in Resources */,
				6E2B11941716122A00FA23CB /* FacebookSDKResources.bundle in Resources */,
				6EA1EB8D1772ADB70096F43A /* SVProgressHUD.bundle in Resources */,
				6E0D5FA017A0B69200389771 /* iPhone.storyboard in Resources */,
			);
			runOnlyForDeploymentPostprocessing = 0;
		};
		6E26F240170148F9009489A8 /* Resources */ = {
			isa = PBXResourcesBuildPhase;
			buildActionMask = 2147483647;
			files = (
				6E26F24F170148F9009489A8 /* InfoPlist.strings in Resources */,
				6E5620BF170600E6006EF5B8 /* key-blue.png in Resources */,
				6E5620C1170600E6006EF5B8 /* key-blue@2x.png in Resources */,
				6E5620C3170600E6006EF5B8 /* key-pressed.png in Resources */,
				6E5620C5170600E6006EF5B8 /* key-pressed@2x.png in Resources */,
				6E5620C7170600E6006EF5B8 /* key.png in Resources */,
				6E5620C9170600E6006EF5B8 /* key@2x.png in Resources */,
				6E5620CB170600E6006EF5B8 /* keyboard.png in Resources */,
				6EDE00B11708CDDF00C68317 /* KiipSDKResources.bundle in Resources */,
				6E0D5FA117A0B69200389771 /* iPhone.storyboard in Resources */,
			);
			runOnlyForDeploymentPostprocessing = 0;
		};
/* End PBXResourcesBuildPhase section */

/* Begin PBXShellScriptBuildPhase section */
		6E26F241170148F9009489A8 /* ShellScript */ = {
			isa = PBXShellScriptBuildPhase;
			buildActionMask = 2147483647;
			files = (
			);
			inputPaths = (
			);
			outputPaths = (
			);
			runOnlyForDeploymentPostprocessing = 0;
			shellPath = /bin/sh;
			shellScript = "# Run the unit tests in this test bundle.\n\"${SYSTEM_DEVELOPER_DIR}/Tools/RunUnitTests\"\n";
		};
/* End PBXShellScriptBuildPhase section */

/* Begin PBXSourcesBuildPhase section */
		6E26F216170148F8009489A8 /* Sources */ = {
			isa = PBXSourcesBuildPhase;
			buildActionMask = 2147483647;
			files = (
				6E26F22A170148F8009489A8 /* main.m in Sources */,
				6E26F22E170148F8009489A8 /* AppDelegate.m in Sources */,
				6E5620CC170600E6006EF5B8 /* DLIDEKeyboardView.m in Sources */,
				6E5620EE170600E6006EF5B8 /* RNBlurModalView.m in Sources */,
				6E3C17461708CD790025D038 /* JASidePanelController.m in Sources */,
				6E3C17481708CD790025D038 /* UIViewController+JASidePanel.m in Sources */,
				6E3C176A1708CD790025D038 /* WTStatusBar.m in Sources */,
				6E3C176C1708CD790025D038 /* WTStatusView.m in Sources */,
				6E3C176E1708CD790025D038 /* WTStatusWindow.m in Sources */,
				6E2B118E1716121900FA23CB /* JSFlatButton.m in Sources */,
				6E2B118F1716121900FA23CB /* UIColor+JSFlatButton.m in Sources */,
				6E2B11901716121900FA23CB /* UIImage+JSFlatButton.m in Sources */,
				6EB331EF177109DE0034E7E2 /* AFHTTPClient.m in Sources */,
				6EB331F0177109DE0034E7E2 /* AFHTTPRequestOperation.m in Sources */,
				6EB331F1177109DE0034E7E2 /* AFImageRequestOperation.m in Sources */,
				6EB331F2177109DE0034E7E2 /* AFJSONRequestOperation.m in Sources */,
				6EB331F3177109DE0034E7E2 /* AFNetworkActivityIndicatorManager.m in Sources */,
				6EB331F4177109DE0034E7E2 /* AFOAuth1Client.m in Sources */,
				6EB331F5177109DE0034E7E2 /* AFOAuth2Client.m in Sources */,
				6EB331F6177109DE0034E7E2 /* AFPropertyListRequestOperation.m in Sources */,
				6EB331F7177109DE0034E7E2 /* AFURLConnectionOperation.m in Sources */,
				6EB331F8177109DE0034E7E2 /* AFXMLRequestOperation.m in Sources */,
				6EB331F9177109DE0034E7E2 /* UIImageView+AFNetworking.m in Sources */,
				6EB331FA177109DE0034E7E2 /* AwesomeMenu.m in Sources */,
				6EB331FB177109DE0034E7E2 /* AwesomeMenuItem.m in Sources */,
				6EA1EB871772ADAF0096F43A /* SSKeychain.m in Sources */,
				6EA1EB881772ADAF0096F43A /* SSKeychainQuery.m in Sources */,
				6EA1EB8E1772ADB70096F43A /* SVProgressHUD.m in Sources */,
				6E785B04179D940200A363D9 /* InstagramClient.m in Sources */,
				6EA38D78179DDF04005FA063 /* ImageCell.m in Sources */,
				6E0D5FA617A0BB6800389771 /* StreamViewController.m in Sources */,
			);
			runOnlyForDeploymentPostprocessing = 0;
		};
		6E26F23E170148F9009489A8 /* Sources */ = {
			isa = PBXSourcesBuildPhase;
			buildActionMask = 2147483647;
			files = (
				6E26F252170148F9009489A8 /* FloadtTests.m in Sources */,
				6E5620CD170600E6006EF5B8 /* DLIDEKeyboardView.m in Sources */,
				6E5620EF170600E6006EF5B8 /* RNBlurModalView.m in Sources */,
				6E3C17471708CD790025D038 /* JASidePanelController.m in Sources */,
				6E3C17491708CD790025D038 /* UIViewController+JASidePanel.m in Sources */,
				6E3C176B1708CD790025D038 /* WTStatusBar.m in Sources */,
				6E3C176D1708CD790025D038 /* WTStatusView.m in Sources */,
				6E3C176F1708CD790025D038 /* WTStatusWindow.m in Sources */,
				6EA38D79179DDF04005FA063 /* ImageCell.m in Sources */,
			);
			runOnlyForDeploymentPostprocessing = 0;
		};
/* End PBXSourcesBuildPhase section */

/* Begin PBXTargetDependency section */
		6E26F249170148F9009489A8 /* PBXTargetDependency */ = {
			isa = PBXTargetDependency;
			target = 6E26F219170148F8009489A8 /* Floadt */;
			targetProxy = 6E26F248170148F9009489A8 /* PBXContainerItemProxy */;
		};
/* End PBXTargetDependency section */

/* Begin PBXVariantGroup section */
		6E26F226170148F8009489A8 /* InfoPlist.strings */ = {
			isa = PBXVariantGroup;
			children = (
				6E26F227170148F8009489A8 /* en */,
			);
			name = InfoPlist.strings;
			sourceTree = "<group>";
		};
		6E26F24D170148F9009489A8 /* InfoPlist.strings */ = {
			isa = PBXVariantGroup;
			children = (
				6E26F24E170148F9009489A8 /* en */,
			);
			name = InfoPlist.strings;
			sourceTree = "<group>";
		};
/* End PBXVariantGroup section */

/* Begin XCBuildConfiguration section */
		6E26F253170148F9009489A8 /* Debug */ = {
			isa = XCBuildConfiguration;
			buildSettings = {
				ALWAYS_SEARCH_USER_PATHS = NO;
				CLANG_CXX_LANGUAGE_STANDARD = "gnu++0x";
				CLANG_CXX_LIBRARY = "libc++";
				CLANG_ENABLE_OBJC_ARC = YES;
				CLANG_WARN_CONSTANT_CONVERSION = YES;
				CLANG_WARN_EMPTY_BODY = YES;
				CLANG_WARN_ENUM_CONVERSION = YES;
				CLANG_WARN_INT_CONVERSION = YES;
				CLANG_WARN__DUPLICATE_METHOD_MATCH = YES;
				"CODE_SIGN_IDENTITY[sdk=iphoneos*]" = "iPhone Developer";
				COPY_PHASE_STRIP = NO;
				GCC_C_LANGUAGE_STANDARD = gnu99;
				GCC_DYNAMIC_NO_PIC = NO;
				GCC_OPTIMIZATION_LEVEL = 0;
				GCC_PREPROCESSOR_DEFINITIONS = (
					"DEBUG=1",
					"$(inherited)",
				);
				GCC_SYMBOLS_PRIVATE_EXTERN = NO;
				GCC_WARN_ABOUT_RETURN_TYPE = YES;
				GCC_WARN_UNINITIALIZED_AUTOS = YES;
				GCC_WARN_UNUSED_VARIABLE = YES;
				IPHONEOS_DEPLOYMENT_TARGET = 6.0;
				ONLY_ACTIVE_ARCH = YES;
				SDKROOT = iphoneos;
				TARGETED_DEVICE_FAMILY = "1,2";
			};
			name = Debug;
		};
		6E26F254170148F9009489A8 /* Release */ = {
			isa = XCBuildConfiguration;
			buildSettings = {
				ALWAYS_SEARCH_USER_PATHS = NO;
				CLANG_CXX_LANGUAGE_STANDARD = "gnu++0x";
				CLANG_CXX_LIBRARY = "libc++";
				CLANG_ENABLE_OBJC_ARC = YES;
				CLANG_WARN_CONSTANT_CONVERSION = YES;
				CLANG_WARN_EMPTY_BODY = YES;
				CLANG_WARN_ENUM_CONVERSION = YES;
				CLANG_WARN_INT_CONVERSION = YES;
				CLANG_WARN__DUPLICATE_METHOD_MATCH = YES;
				"CODE_SIGN_IDENTITY[sdk=iphoneos*]" = "iPhone Developer";
				COPY_PHASE_STRIP = YES;
				GCC_C_LANGUAGE_STANDARD = gnu99;
				GCC_WARN_ABOUT_RETURN_TYPE = YES;
				GCC_WARN_UNINITIALIZED_AUTOS = YES;
				GCC_WARN_UNUSED_VARIABLE = YES;
				IPHONEOS_DEPLOYMENT_TARGET = 6.0;
				OTHER_CFLAGS = "-DNS_BLOCK_ASSERTIONS=1";
				SDKROOT = iphoneos;
				TARGETED_DEVICE_FAMILY = "1,2";
				VALIDATE_PRODUCT = YES;
			};
			name = Release;
		};
		6E26F256170148F9009489A8 /* Debug */ = {
			isa = XCBuildConfiguration;
			buildSettings = {
				ALWAYS_SEARCH_USER_PATHS = YES;
				FRAMEWORK_SEARCH_PATHS = (
					"$(inherited)",
					"\"$(SRCROOT)\"",
					"\"$(SRCROOT)/Resources\"",
					"\"$(SRCROOT)/External\"",
				);
				GCC_PRECOMPILE_PREFIX_HEADER = YES;
				GCC_PREFIX_HEADER = "Floadt/Floadt-Prefix.pch";
				HEADER_SEARCH_PATHS = "”$(BUILT_PRODUCTS_DIR)/../../Headers”";
				INFOPLIST_FILE = "Floadt/Floadt-Info.plist";
				OTHER_LDFLAGS = (
					"-all_load",
					"-lsqlite3.0",
					"-ObjC",
				);
				PRODUCT_NAME = "$(TARGET_NAME)";
				WRAPPER_EXTENSION = app;
			};
			name = Debug;
		};
		6E26F257170148F9009489A8 /* Release */ = {
			isa = XCBuildConfiguration;
			buildSettings = {
				ALWAYS_SEARCH_USER_PATHS = YES;
				FRAMEWORK_SEARCH_PATHS = (
					"$(inherited)",
					"\"$(SRCROOT)\"",
					"\"$(SRCROOT)/Resources\"",
					"\"$(SRCROOT)/External\"",
				);
				GCC_PRECOMPILE_PREFIX_HEADER = YES;
				GCC_PREFIX_HEADER = "Floadt/Floadt-Prefix.pch";
				HEADER_SEARCH_PATHS = "”$(BUILT_PRODUCTS_DIR)/../../Headers”";
				INFOPLIST_FILE = "Floadt/Floadt-Info.plist";
				OTHER_LDFLAGS = (
					"-all_load",
					"-lsqlite3.0",
					"-ObjC",
				);
				PRODUCT_NAME = "$(TARGET_NAME)";
				WRAPPER_EXTENSION = app;
			};
			name = Release;
		};
		6E26F259170148F9009489A8 /* Debug */ = {
			isa = XCBuildConfiguration;
			buildSettings = {
				BUNDLE_LOADER = "$(BUILT_PRODUCTS_DIR)/Floadt.app/Floadt";
				FRAMEWORK_SEARCH_PATHS = (
					"\"$(SDKROOT)/Developer/Library/Frameworks\"",
					"\"$(DEVELOPER_LIBRARY_DIR)/Frameworks\"",
					"\"$(SRCROOT)\"",
					"\"$(SRCROOT)/Resources\"",
					"\"$(SRCROOT)/External\"",
				);
				GCC_PRECOMPILE_PREFIX_HEADER = YES;
				GCC_PREFIX_HEADER = "Floadt/Floadt-Prefix.pch";
				INFOPLIST_FILE = "FloadtTests/FloadtTests-Info.plist";
				PRODUCT_NAME = "$(TARGET_NAME)";
				TEST_HOST = "$(BUNDLE_LOADER)";
				WRAPPER_EXTENSION = octest;
			};
			name = Debug;
		};
		6E26F25A170148F9009489A8 /* Release */ = {
			isa = XCBuildConfiguration;
			buildSettings = {
				BUNDLE_LOADER = "$(BUILT_PRODUCTS_DIR)/Floadt.app/Floadt";
				FRAMEWORK_SEARCH_PATHS = (
					"\"$(SDKROOT)/Developer/Library/Frameworks\"",
					"\"$(DEVELOPER_LIBRARY_DIR)/Frameworks\"",
					"\"$(SRCROOT)\"",
					"\"$(SRCROOT)/Resources\"",
					"\"$(SRCROOT)/External\"",
				);
				GCC_PRECOMPILE_PREFIX_HEADER = YES;
				GCC_PREFIX_HEADER = "Floadt/Floadt-Prefix.pch";
				INFOPLIST_FILE = "FloadtTests/FloadtTests-Info.plist";
				PRODUCT_NAME = "$(TARGET_NAME)";
				TEST_HOST = "$(BUNDLE_LOADER)";
				WRAPPER_EXTENSION = octest;
			};
			name = Release;
		};
/* End XCBuildConfiguration section */

/* Begin XCConfigurationList section */
		6E26F215170148F8009489A8 /* Build configuration list for PBXProject "Floadt" */ = {
			isa = XCConfigurationList;
			buildConfigurations = (
				6E26F253170148F9009489A8 /* Debug */,
				6E26F254170148F9009489A8 /* Release */,
			);
			defaultConfigurationIsVisible = 0;
			defaultConfigurationName = Release;
		};
		6E26F255170148F9009489A8 /* Build configuration list for PBXNativeTarget "Floadt" */ = {
			isa = XCConfigurationList;
			buildConfigurations = (
				6E26F256170148F9009489A8 /* Debug */,
				6E26F257170148F9009489A8 /* Release */,
			);
			defaultConfigurationIsVisible = 0;
			defaultConfigurationName = Release;
		};
		6E26F258170148F9009489A8 /* Build configuration list for PBXNativeTarget "FloadtTests" */ = {
			isa = XCConfigurationList;
			buildConfigurations = (
				6E26F259170148F9009489A8 /* Debug */,
				6E26F25A170148F9009489A8 /* Release */,
			);
			defaultConfigurationIsVisible = 0;
			defaultConfigurationName = Release;
		};
/* End XCConfigurationList section */
	};
	rootObject = 6E26F212170148F8009489A8 /* Project object */;
}
